// !$*UTF8*$!
{
	archiveVersion = 1;
	classes = {
	};
	objectVersion = 46;
	objects = {

/* Begin PBXBuildFile section */
		0B0291FE1C33789000C664E9 /* JCEventCategoryItem.swift in Sources */ = {isa = PBXBuildFile; fileRef = 0B0291FD1C33789000C664E9 /* JCEventCategoryItem.swift */; };
		0B0292001C3378B600C664E9 /* JCEventCategoryCell.swift in Sources */ = {isa = PBXBuildFile; fileRef = 0B0291FF1C3378B600C664E9 /* JCEventCategoryCell.swift */; };
		0B329BA91C32967E003D7B5B /* JCEventCategoryVCL.swift in Sources */ = {isa = PBXBuildFile; fileRef = 0B329BA61C32967E003D7B5B /* JCEventCategoryVCL.swift */; };
		0B329BAB1C329695003D7B5B /* JCEventCategoryModel.swift in Sources */ = {isa = PBXBuildFile; fileRef = 0B329BAA1C329695003D7B5B /* JCEventCategoryModel.swift */; };
		0B329BAE1C3296EB003D7B5B /* JCEventCategoryDataSource.swift in Sources */ = {isa = PBXBuildFile; fileRef = 0B329BAD1C3296EB003D7B5B /* JCEventCategoryDataSource.swift */; };
		0B329BB01C32984E003D7B5B /* JCEventCategory.swift in Sources */ = {isa = PBXBuildFile; fileRef = 0B329BAF1C32984E003D7B5B /* JCEventCategory.swift */; };
		0B43DB131C44EBFF008630DB /* JCImageViewExtension.swift in Sources */ = {isa = PBXBuildFile; fileRef = 0B43DB121C44EBFF008630DB /* JCImageViewExtension.swift */; };
		0B43DB151C44EEF1008630DB /* JCUIButtonExtension.swift in Sources */ = {isa = PBXBuildFile; fileRef = 0B43DB141C44EEF1008630DB /* JCUIButtonExtension.swift */; };
		0B63F59E1C3A54F100938C71 /* JCEventThemeSelectView.swift in Sources */ = {isa = PBXBuildFile; fileRef = 0B63F59D1C3A54F000938C71 /* JCEventThemeSelectView.swift */; };
		0B899AF31C3AC53300C9CE75 /* JCListItem.swift in Sources */ = {isa = PBXBuildFile; fileRef = 0B899AF21C3AC53300C9CE75 /* JCListItem.swift */; };
		0B8BE2651C2EB01A00E59F1C /* JCEventEditView.swift in Sources */ = {isa = PBXBuildFile; fileRef = 0B8BE2641C2EB01A00E59F1C /* JCEventEditView.swift */; };
		0B8BE2671C2EBC8400E59F1C /* JCEventEditTableViewCell.swift in Sources */ = {isa = PBXBuildFile; fileRef = 0B8BE2661C2EBC8400E59F1C /* JCEventEditTableViewCell.swift */; };
		0B8BE2691C2EC16D00E59F1C /* JCColorExtension.swift in Sources */ = {isa = PBXBuildFile; fileRef = 0B8BE2681C2EC16D00E59F1C /* JCColorExtension.swift */; };
		0B8BE26B1C2EC1BE00E59F1C /* JCUIViewExtension.swift in Sources */ = {isa = PBXBuildFile; fileRef = 0B8BE26A1C2EC1BE00E59F1C /* JCUIViewExtension.swift */; };
		0B9067D01C2D2D270047FE4E /* JCUtility.swift in Sources */ = {isa = PBXBuildFile; fileRef = 0B9067CF1C2D2D270047FE4E /* JCUtility.swift */; };
		0B9067D31C2D31890047FE4E /* JCCALayerExtentsion.swift in Sources */ = {isa = PBXBuildFile; fileRef = 0B9067D21C2D31890047FE4E /* JCCALayerExtentsion.swift */; };
		0B9067D51C2D386C0047FE4E /* JCConstant.swift in Sources */ = {isa = PBXBuildFile; fileRef = 0B9067D41C2D386C0047FE4E /* JCConstant.swift */; };
		0B9067D71C2D44CC0047FE4E /* JCEventContentView.swift in Sources */ = {isa = PBXBuildFile; fileRef = 0B9067D61C2D44CC0047FE4E /* JCEventContentView.swift */; };
		0B9067D91C2D4EDA0047FE4E /* JCEventDetailModel.swift in Sources */ = {isa = PBXBuildFile; fileRef = 0B9067D81C2D4EDA0047FE4E /* JCEventDetailModel.swift */; };
		0B9166791C3AC359005ADAD0 /* JCListVCL.swift in Sources */ = {isa = PBXBuildFile; fileRef = 0B9166781C3AC359005ADAD0 /* JCListVCL.swift */; };
		0B91667C1C3AC396005ADAD0 /* JCListDataSource.swift in Sources */ = {isa = PBXBuildFile; fileRef = 0B91667B1C3AC396005ADAD0 /* JCListDataSource.swift */; };
		0B91667E1C3AC3DB005ADAD0 /* JCListModel.swift in Sources */ = {isa = PBXBuildFile; fileRef = 0B91667D1C3AC3DB005ADAD0 /* JCListModel.swift */; };
		0B9166801C3AC471005ADAD0 /* JCListTableViewCell.swift in Sources */ = {isa = PBXBuildFile; fileRef = 0B91667F1C3AC471005ADAD0 /* JCListTableViewCell.swift */; };
		0B98B3291C3F69A600B12DA6 /* LaunchVCL.swift in Sources */ = {isa = PBXBuildFile; fileRef = 0B98B3281C3F69A600B12DA6 /* LaunchVCL.swift */; };
		0B98B32C1C3F857500B12DA6 /* JCListToDetailTransion.swift in Sources */ = {isa = PBXBuildFile; fileRef = 0B98B32B1C3F857500B12DA6 /* JCListToDetailTransion.swift */; };
		0B9D31C21C2FF3D200859525 /* JCEvent.swift in Sources */ = {isa = PBXBuildFile; fileRef = 0B9D31C11C2FF3D200859525 /* JCEvent.swift */; };
		0B9D31C41C30175200859525 /* JCEventManage.swift in Sources */ = {isa = PBXBuildFile; fileRef = 0B9D31C31C30175200859525 /* JCEventManage.swift */; };
		0B9D31C61C301E5800859525 /* JCStringExtension.swift in Sources */ = {isa = PBXBuildFile; fileRef = 0B9D31C51C301E5800859525 /* JCStringExtension.swift */; };
		0BADE59E1C31095900F61EAC /* JCBaseTableViewDataSource.swift in Sources */ = {isa = PBXBuildFile; fileRef = 0BADE59D1C31095900F61EAC /* JCBaseTableViewDataSource.swift */; };
		0BADE5A01C310EC600F61EAC /* JCEventEditViewItem.swift in Sources */ = {isa = PBXBuildFile; fileRef = 0BADE59F1C310EC600F61EAC /* JCEventEditViewItem.swift */; };
		0BADE5A21C311CC000F61EAC /* JCBaseTableViewVCL.swift in Sources */ = {isa = PBXBuildFile; fileRef = 0BADE5A11C311CC000F61EAC /* JCBaseTableViewVCL.swift */; };
		0BADE5A41C31231C00F61EAC /* JCBaseTableViewCell.swift in Sources */ = {isa = PBXBuildFile; fileRef = 0BADE5A31C31231C00F61EAC /* JCBaseTableViewCell.swift */; };
		0BADE5A71C31272700F61EAC /* JCEventEditViewDataSource.swift in Sources */ = {isa = PBXBuildFile; fileRef = 0BADE5A61C31272700F61EAC /* JCEventEditViewDataSource.swift */; };
		0BBA7F991C3D5B6C003FAEF7 /* JCDetailToListTransion.swift in Sources */ = {isa = PBXBuildFile; fileRef = 0BBA7F981C3D5B6C003FAEF7 /* JCDetailToListTransion.swift */; };
		0BBB36C41C2CE667008795A6 /* AppDelegate.swift in Sources */ = {isa = PBXBuildFile; fileRef = 0BBB36C31C2CE667008795A6 /* AppDelegate.swift */; };
		0BBB36C91C2CE667008795A6 /* Main.storyboard in Resources */ = {isa = PBXBuildFile; fileRef = 0BBB36C71C2CE667008795A6 /* Main.storyboard */; };
		0BBB36CC1C2CE668008795A6 /* Memorable.xcdatamodeld in Sources */ = {isa = PBXBuildFile; fileRef = 0BBB36CA1C2CE668008795A6 /* Memorable.xcdatamodeld */; };
		0BBB36CE1C2CE668008795A6 /* Assets.xcassets in Resources */ = {isa = PBXBuildFile; fileRef = 0BBB36CD1C2CE668008795A6 /* Assets.xcassets */; };
		0BBB36D11C2CE668008795A6 /* LaunchScreen.storyboard in Resources */ = {isa = PBXBuildFile; fileRef = 0BBB36CF1C2CE668008795A6 /* LaunchScreen.storyboard */; };
		0BBB36E41C2D1698008795A6 /* JCBaseVCL.swift in Sources */ = {isa = PBXBuildFile; fileRef = 0BBB36E31C2D1698008795A6 /* JCBaseVCL.swift */; };
		0BBB36E61C2D16A9008795A6 /* JCBaseModel.swift in Sources */ = {isa = PBXBuildFile; fileRef = 0BBB36E51C2D16A9008795A6 /* JCBaseModel.swift */; };
		0BBB36F21C2D1788008795A6 /* JCEventDetailVCL.swift in Sources */ = {isa = PBXBuildFile; fileRef = 0BBB36ED1C2D1788008795A6 /* JCEventDetailVCL.swift */; };
		0BD892D21C36C58100EF3D1B /* JCShareVCL.swift in Sources */ = {isa = PBXBuildFile; fileRef = 0BD892D11C36C58100EF3D1B /* JCShareVCL.swift */; };
		0BD892D41C36C59F00EF3D1B /* JCShareModel.swift in Sources */ = {isa = PBXBuildFile; fileRef = 0BD892D31C36C59F00EF3D1B /* JCShareModel.swift */; };
		0BE6ACFB1C4613D700C32C8E /* add_btn.png in Resources */ = {isa = PBXBuildFile; fileRef = 0BE6ACA21C4613D600C32C8E /* add_btn.png */; };
		0BE6ACFC1C4613D700C32C8E /* add_btn@2x.png in Resources */ = {isa = PBXBuildFile; fileRef = 0BE6ACA31C4613D600C32C8E /* add_btn@2x.png */; };
		0BE6ACFD1C4613D700C32C8E /* add_btn@3x.png in Resources */ = {isa = PBXBuildFile; fileRef = 0BE6ACA41C4613D600C32C8E /* add_btn@3x.png */; };
		0BE6ACFE1C4613D700C32C8E /* arrow_down.png in Resources */ = {isa = PBXBuildFile; fileRef = 0BE6ACA51C4613D600C32C8E /* arrow_down.png */; };
		0BE6ACFF1C4613D700C32C8E /* arrow_down@2x.png in Resources */ = {isa = PBXBuildFile; fileRef = 0BE6ACA61C4613D600C32C8E /* arrow_down@2x.png */; };
		0BE6AD001C4613D700C32C8E /* arrow_down@3x.png in Resources */ = {isa = PBXBuildFile; fileRef = 0BE6ACA71C4613D600C32C8E /* arrow_down@3x.png */; };
		0BE6AD011C4613D700C32C8E /* back_arrow.png in Resources */ = {isa = PBXBuildFile; fileRef = 0BE6ACA81C4613D600C32C8E /* back_arrow.png */; };
		0BE6AD021C4613D700C32C8E /* back_arrow@2x.png in Resources */ = {isa = PBXBuildFile; fileRef = 0BE6ACA91C4613D600C32C8E /* back_arrow@2x.png */; };
		0BE6AD031C4613D700C32C8E /* back_arrow@3x.png in Resources */ = {isa = PBXBuildFile; fileRef = 0BE6ACAA1C4613D600C32C8E /* back_arrow@3x.png */; };
		0BE6AD041C4613D700C32C8E /* background1.png in Resources */ = {isa = PBXBuildFile; fileRef = 0BE6ACAB1C4613D600C32C8E /* background1.png */; };
		0BE6AD051C4613D700C32C8E /* background2.png in Resources */ = {isa = PBXBuildFile; fileRef = 0BE6ACAC1C4613D600C32C8E /* background2.png */; };
		0BE6AD061C4613D700C32C8E /* background3.png in Resources */ = {isa = PBXBuildFile; fileRef = 0BE6ACAD1C4613D600C32C8E /* background3.png */; };
		0BE6AD071C4613D700C32C8E /* background4.png in Resources */ = {isa = PBXBuildFile; fileRef = 0BE6ACAE1C4613D600C32C8E /* background4.png */; };
		0BE6AD081C4613D700C32C8E /* background5.png in Resources */ = {isa = PBXBuildFile; fileRef = 0BE6ACAF1C4613D600C32C8E /* background5.png */; };
		0BE6AD091C4613D700C32C8E /* cell_bg_1.png in Resources */ = {isa = PBXBuildFile; fileRef = 0BE6ACB01C4613D600C32C8E /* cell_bg_1.png */; };
		0BE6AD0A1C4613D700C32C8E /* cell_bg_2.png in Resources */ = {isa = PBXBuildFile; fileRef = 0BE6ACB11C4613D600C32C8E /* cell_bg_2.png */; };
		0BE6AD0B1C4613D700C32C8E /* cell_bg_3.png in Resources */ = {isa = PBXBuildFile; fileRef = 0BE6ACB21C4613D600C32C8E /* cell_bg_3.png */; };
		0BE6AD0C1C4613D700C32C8E /* cell_bg_4.png in Resources */ = {isa = PBXBuildFile; fileRef = 0BE6ACB31C4613D600C32C8E /* cell_bg_4.png */; };
		0BE6AD0D1C4613D700C32C8E /* cell_bg_5.png in Resources */ = {isa = PBXBuildFile; fileRef = 0BE6ACB41C4613D600C32C8E /* cell_bg_5.png */; };
		0BE6AD0E1C4613D700C32C8E /* edit_arrow.png in Resources */ = {isa = PBXBuildFile; fileRef = 0BE6ACB51C4613D600C32C8E /* edit_arrow.png */; };
		0BE6AD0F1C4613D700C32C8E /* edit_arrow@2x.png in Resources */ = {isa = PBXBuildFile; fileRef = 0BE6ACB61C4613D700C32C8E /* edit_arrow@2x.png */; };
		0BE6AD101C4613D700C32C8E /* edit_arrow@3x.png in Resources */ = {isa = PBXBuildFile; fileRef = 0BE6ACB71C4613D700C32C8E /* edit_arrow@3x.png */; };
		0BE6AD111C4613D700C32C8E /* edit_btn.png in Resources */ = {isa = PBXBuildFile; fileRef = 0BE6ACB81C4613D700C32C8E /* edit_btn.png */; };
		0BE6AD121C4613D700C32C8E /* edit_btn@2x.png in Resources */ = {isa = PBXBuildFile; fileRef = 0BE6ACB91C4613D700C32C8E /* edit_btn@2x.png */; };
		0BE6AD131C4613D700C32C8E /* edit_btn@3x.png in Resources */ = {isa = PBXBuildFile; fileRef = 0BE6ACBA1C4613D700C32C8E /* edit_btn@3x.png */; };
		0BE6AD141C4613D700C32C8E /* menu_btn.png in Resources */ = {isa = PBXBuildFile; fileRef = 0BE6ACBB1C4613D700C32C8E /* menu_btn.png */; };
		0BE6AD151C4613D700C32C8E /* menu_btn@2x.png in Resources */ = {isa = PBXBuildFile; fileRef = 0BE6ACBC1C4613D700C32C8E /* menu_btn@2x.png */; };
		0BE6AD161C4613D700C32C8E /* menu_btn@3x.png in Resources */ = {isa = PBXBuildFile; fileRef = 0BE6ACBD1C4613D700C32C8E /* menu_btn@3x.png */; };
		0BE6AD171C4613D700C32C8E /* selected_btn_white.png in Resources */ = {isa = PBXBuildFile; fileRef = 0BE6ACBE1C4613D700C32C8E /* selected_btn_white.png */; };
		0BE6AD181C4613D700C32C8E /* selected_btn_white@2x.png in Resources */ = {isa = PBXBuildFile; fileRef = 0BE6ACBF1C4613D700C32C8E /* selected_btn_white@2x.png */; };
		0BE6AD191C4613D700C32C8E /* selected_btn_white@3x.png in Resources */ = {isa = PBXBuildFile; fileRef = 0BE6ACC01C4613D700C32C8E /* selected_btn_white@3x.png */; };
		0BE6AD1A1C4613D700C32C8E /* setting_btn.png in Resources */ = {isa = PBXBuildFile; fileRef = 0BE6ACC11C4613D700C32C8E /* setting_btn.png */; };
		0BE6AD1B1C4613D700C32C8E /* setting_btn@2x.png in Resources */ = {isa = PBXBuildFile; fileRef = 0BE6ACC21C4613D700C32C8E /* setting_btn@2x.png */; };
		0BE6AD1C1C4613D700C32C8E /* setting_btn@3x.png in Resources */ = {isa = PBXBuildFile; fileRef = 0BE6ACC31C4613D700C32C8E /* setting_btn@3x.png */; };
		0BE6AD1D1C4613D700C32C8E /* settingBg.png in Resources */ = {isa = PBXBuildFile; fileRef = 0BE6ACC41C4613D700C32C8E /* settingBg.png */; };
		0BE6AD1E1C4613D700C32C8E /* share_btn.png in Resources */ = {isa = PBXBuildFile; fileRef = 0BE6ACC51C4613D700C32C8E /* share_btn.png */; };
		0BE6AD1F1C4613D700C32C8E /* share_btn@2x.png in Resources */ = {isa = PBXBuildFile; fileRef = 0BE6ACC61C4613D700C32C8E /* share_btn@2x.png */; };
		0BE6AD201C4613D700C32C8E /* share_btn@3x.png in Resources */ = {isa = PBXBuildFile; fileRef = 0BE6ACC71C4613D700C32C8E /* share_btn@3x.png */; };
		0BE6AD211C4613D700C32C8E /* share_close.png in Resources */ = {isa = PBXBuildFile; fileRef = 0BE6ACC81C4613D700C32C8E /* share_close.png */; };
		0BE6AD221C4613D700C32C8E /* share_close@2x.png in Resources */ = {isa = PBXBuildFile; fileRef = 0BE6ACC91C4613D700C32C8E /* share_close@2x.png */; };
		0BE6AD231C4613D700C32C8E /* share_close@3x.png in Resources */ = {isa = PBXBuildFile; fileRef = 0BE6ACCA1C4613D700C32C8E /* share_close@3x.png */; };
		0BE6AD241C4613D700C32C8E /* share_qq_friends_btn.png in Resources */ = {isa = PBXBuildFile; fileRef = 0BE6ACCB1C4613D700C32C8E /* share_qq_friends_btn.png */; };
		0BE6AD251C4613D700C32C8E /* share_qq_friends_btn@2x.png in Resources */ = {isa = PBXBuildFile; fileRef = 0BE6ACCC1C4613D700C32C8E /* share_qq_friends_btn@2x.png */; };
		0BE6AD261C4613D700C32C8E /* share_qq_friends_btn@3x.png in Resources */ = {isa = PBXBuildFile; fileRef = 0BE6ACCD1C4613D700C32C8E /* share_qq_friends_btn@3x.png */; };
		0BE6AD271C4613D700C32C8E /* share_qq_zone_btn.png in Resources */ = {isa = PBXBuildFile; fileRef = 0BE6ACCE1C4613D700C32C8E /* share_qq_zone_btn.png */; };
		0BE6AD281C4613D700C32C8E /* share_qq_zone_btn@2x.png in Resources */ = {isa = PBXBuildFile; fileRef = 0BE6ACCF1C4613D700C32C8E /* share_qq_zone_btn@2x.png */; };
		0BE6AD291C4613D700C32C8E /* share_qq_zone_btn@3x.png in Resources */ = {isa = PBXBuildFile; fileRef = 0BE6ACD01C4613D700C32C8E /* share_qq_zone_btn@3x.png */; };
		0BE6AD2A1C4613D700C32C8E /* share_sina_btn.png in Resources */ = {isa = PBXBuildFile; fileRef = 0BE6ACD11C4613D700C32C8E /* share_sina_btn.png */; };
		0BE6AD2B1C4613D700C32C8E /* share_sina_btn@2x.png in Resources */ = {isa = PBXBuildFile; fileRef = 0BE6ACD21C4613D700C32C8E /* share_sina_btn@2x.png */; };
		0BE6AD2C1C4613D700C32C8E /* share_sina_btn@3x.png in Resources */ = {isa = PBXBuildFile; fileRef = 0BE6ACD31C4613D700C32C8E /* share_sina_btn@3x.png */; };
		0BE6AD2D1C4613D700C32C8E /* share_weixin.png in Resources */ = {isa = PBXBuildFile; fileRef = 0BE6ACD41C4613D700C32C8E /* share_weixin.png */; };
		0BE6AD2E1C4613D700C32C8E /* share_weixin@2x.png in Resources */ = {isa = PBXBuildFile; fileRef = 0BE6ACD51C4613D700C32C8E /* share_weixin@2x.png */; };
		0BE6AD2F1C4613D700C32C8E /* share_weixin@3x.png in Resources */ = {isa = PBXBuildFile; fileRef = 0BE6ACD61C4613D700C32C8E /* share_weixin@3x.png */; };
		0BE6AD301C4613D700C32C8E /* share_weixin_friends.png in Resources */ = {isa = PBXBuildFile; fileRef = 0BE6ACD71C4613D700C32C8E /* share_weixin_friends.png */; };
		0BE6AD311C4613D700C32C8E /* share_weixin_friends@2x.png in Resources */ = {isa = PBXBuildFile; fileRef = 0BE6ACD81C4613D700C32C8E /* share_weixin_friends@2x.png */; };
		0BE6AD321C4613D700C32C8E /* share_weixin_friends@3x.png in Resources */ = {isa = PBXBuildFile; fileRef = 0BE6ACD91C4613D700C32C8E /* share_weixin_friends@3x.png */; };
		0BE6AD331C4613D700C32C8E /* theme1_btn.png in Resources */ = {isa = PBXBuildFile; fileRef = 0BE6ACDA1C4613D700C32C8E /* theme1_btn.png */; };
		0BE6AD341C4613D700C32C8E /* theme1_btn@2x.png in Resources */ = {isa = PBXBuildFile; fileRef = 0BE6ACDB1C4613D700C32C8E /* theme1_btn@2x.png */; };
		0BE6AD351C4613D700C32C8E /* theme1_btn@3x.png in Resources */ = {isa = PBXBuildFile; fileRef = 0BE6ACDC1C4613D700C32C8E /* theme1_btn@3x.png */; };
		0BE6AD361C4613D700C32C8E /* theme2_btn.png in Resources */ = {isa = PBXBuildFile; fileRef = 0BE6ACDD1C4613D700C32C8E /* theme2_btn.png */; };
		0BE6AD371C4613D700C32C8E /* theme2_btn@2x.png in Resources */ = {isa = PBXBuildFile; fileRef = 0BE6ACDE1C4613D700C32C8E /* theme2_btn@2x.png */; };
		0BE6AD381C4613D700C32C8E /* theme2_btn@3x.png in Resources */ = {isa = PBXBuildFile; fileRef = 0BE6ACDF1C4613D700C32C8E /* theme2_btn@3x.png */; };
		0BE6AD391C4613D700C32C8E /* theme3_btn.png in Resources */ = {isa = PBXBuildFile; fileRef = 0BE6ACE01C4613D700C32C8E /* theme3_btn.png */; };
		0BE6AD3A1C4613D700C32C8E /* theme3_btn@2x.png in Resources */ = {isa = PBXBuildFile; fileRef = 0BE6ACE11C4613D700C32C8E /* theme3_btn@2x.png */; };
		0BE6AD3B1C4613D700C32C8E /* theme3_btn@3x.png in Resources */ = {isa = PBXBuildFile; fileRef = 0BE6ACE21C4613D700C32C8E /* theme3_btn@3x.png */; };
		0BE6AD3C1C4613D700C32C8E /* theme4_btn.png in Resources */ = {isa = PBXBuildFile; fileRef = 0BE6ACE31C4613D700C32C8E /* theme4_btn.png */; };
		0BE6AD3D1C4613D700C32C8E /* theme4_btn@2x.png in Resources */ = {isa = PBXBuildFile; fileRef = 0BE6ACE41C4613D700C32C8E /* theme4_btn@2x.png */; };
		0BE6AD3E1C4613D700C32C8E /* theme4_btn@3x.png in Resources */ = {isa = PBXBuildFile; fileRef = 0BE6ACE51C4613D700C32C8E /* theme4_btn@3x.png */; };
		0BE6AD3F1C4613D700C32C8E /* theme5_btn.png in Resources */ = {isa = PBXBuildFile; fileRef = 0BE6ACE61C4613D700C32C8E /* theme5_btn.png */; };
		0BE6AD401C4613D700C32C8E /* theme5_btn@2x.png in Resources */ = {isa = PBXBuildFile; fileRef = 0BE6ACE71C4613D700C32C8E /* theme5_btn@2x.png */; };
		0BE6AD411C4613D700C32C8E /* theme5_btn@3x.png in Resources */ = {isa = PBXBuildFile; fileRef = 0BE6ACE81C4613D700C32C8E /* theme5_btn@3x.png */; };
		0BE6AD421C4613D700C32C8E /* theme_add_btn.png in Resources */ = {isa = PBXBuildFile; fileRef = 0BE6ACE91C4613D700C32C8E /* theme_add_btn.png */; };
		0BE6AD431C4613D700C32C8E /* theme_add_btn@2x.png in Resources */ = {isa = PBXBuildFile; fileRef = 0BE6ACEA1C4613D700C32C8E /* theme_add_btn@2x.png */; };
		0BE6AD441C4613D700C32C8E /* theme_add_btn@3x.png in Resources */ = {isa = PBXBuildFile; fileRef = 0BE6ACEB1C4613D700C32C8E /* theme_add_btn@3x.png */; };
		0BE6AD451C4613D700C32C8E /* theme_btn_1.png in Resources */ = {isa = PBXBuildFile; fileRef = 0BE6ACEC1C4613D700C32C8E /* theme_btn_1.png */; };
		0BE6AD461C4613D700C32C8E /* theme_btn_1@2x.png in Resources */ = {isa = PBXBuildFile; fileRef = 0BE6ACED1C4613D700C32C8E /* theme_btn_1@2x.png */; };
		0BE6AD471C4613D700C32C8E /* theme_btn_1@3x.png in Resources */ = {isa = PBXBuildFile; fileRef = 0BE6ACEE1C4613D700C32C8E /* theme_btn_1@3x.png */; };
		0BE6AD481C4613D700C32C8E /* theme_btn_2.png in Resources */ = {isa = PBXBuildFile; fileRef = 0BE6ACEF1C4613D700C32C8E /* theme_btn_2.png */; };
		0BE6AD491C4613D700C32C8E /* theme_btn_2@2x.png in Resources */ = {isa = PBXBuildFile; fileRef = 0BE6ACF01C4613D700C32C8E /* theme_btn_2@2x.png */; };
		0BE6AD4A1C4613D700C32C8E /* theme_btn_2@3x.png in Resources */ = {isa = PBXBuildFile; fileRef = 0BE6ACF11C4613D700C32C8E /* theme_btn_2@3x.png */; };
		0BE6AD4B1C4613D700C32C8E /* theme_btn_3.png in Resources */ = {isa = PBXBuildFile; fileRef = 0BE6ACF21C4613D700C32C8E /* theme_btn_3.png */; };
		0BE6AD4C1C4613D700C32C8E /* theme_btn_3@2x.png in Resources */ = {isa = PBXBuildFile; fileRef = 0BE6ACF31C4613D700C32C8E /* theme_btn_3@2x.png */; };
		0BE6AD4D1C4613D700C32C8E /* theme_btn_3@3x.png in Resources */ = {isa = PBXBuildFile; fileRef = 0BE6ACF41C4613D700C32C8E /* theme_btn_3@3x.png */; };
		0BE6AD4E1C4613D700C32C8E /* theme_btn_4.png in Resources */ = {isa = PBXBuildFile; fileRef = 0BE6ACF51C4613D700C32C8E /* theme_btn_4.png */; };
		0BE6AD4F1C4613D700C32C8E /* theme_btn_4@2x.png in Resources */ = {isa = PBXBuildFile; fileRef = 0BE6ACF61C4613D700C32C8E /* theme_btn_4@2x.png */; };
		0BE6AD501C4613D700C32C8E /* theme_btn_4@3x.png in Resources */ = {isa = PBXBuildFile; fileRef = 0BE6ACF71C4613D700C32C8E /* theme_btn_4@3x.png */; };
		0BE6AD511C4613D700C32C8E /* theme_btn_5.png in Resources */ = {isa = PBXBuildFile; fileRef = 0BE6ACF81C4613D700C32C8E /* theme_btn_5.png */; };
		0BE6AD521C4613D700C32C8E /* theme_btn_5@2x.png in Resources */ = {isa = PBXBuildFile; fileRef = 0BE6ACF91C4613D700C32C8E /* theme_btn_5@2x.png */; };
		0BE6AD531C4613D700C32C8E /* theme_btn_5@3x.png in Resources */ = {isa = PBXBuildFile; fileRef = 0BE6ACFA1C4613D700C32C8E /* theme_btn_5@3x.png */; };
		0BE7F1791C2FC6960060B3C1 /* JCBaseButton.swift in Sources */ = {isa = PBXBuildFile; fileRef = 0BE7F1781C2FC6960060B3C1 /* JCBaseButton.swift */; };
		7B45C0656F19ACE7465657B1 /* Pods_Memorable.framework in Frameworks */ = {isa = PBXBuildFile; fileRef = A12473F0AA30B59C2A1BA112 /* Pods_Memorable.framework */; };
/* End PBXBuildFile section */

/* Begin PBXFileReference section */
		0B0291FD1C33789000C664E9 /* JCEventCategoryItem.swift */ = {isa = PBXFileReference; fileEncoding = 4; lastKnownFileType = sourcecode.swift; path = JCEventCategoryItem.swift; sourceTree = "<group>"; };
		0B0291FF1C3378B600C664E9 /* JCEventCategoryCell.swift */ = {isa = PBXFileReference; fileEncoding = 4; lastKnownFileType = sourcecode.swift; path = JCEventCategoryCell.swift; sourceTree = "<group>"; };
		0B329BA01C327A86003D7B5B /* zh-Hans */ = {isa = PBXFileReference; lastKnownFileType = text.plist.strings; name = "zh-Hans"; path = "zh-Hans.lproj/Main.strings"; sourceTree = "<group>"; };
		0B329BA11C327A86003D7B5B /* zh-Hans */ = {isa = PBXFileReference; lastKnownFileType = text.plist.strings; name = "zh-Hans"; path = "zh-Hans.lproj/LaunchScreen.strings"; sourceTree = "<group>"; };
		0B329BA61C32967E003D7B5B /* JCEventCategoryVCL.swift */ = {isa = PBXFileReference; fileEncoding = 4; lastKnownFileType = sourcecode.swift; path = JCEventCategoryVCL.swift; sourceTree = "<group>"; };
		0B329BAA1C329695003D7B5B /* JCEventCategoryModel.swift */ = {isa = PBXFileReference; fileEncoding = 4; lastKnownFileType = sourcecode.swift; path = JCEventCategoryModel.swift; sourceTree = "<group>"; };
		0B329BAD1C3296EB003D7B5B /* JCEventCategoryDataSource.swift */ = {isa = PBXFileReference; fileEncoding = 4; lastKnownFileType = sourcecode.swift; path = JCEventCategoryDataSource.swift; sourceTree = "<group>"; };
		0B329BAF1C32984E003D7B5B /* JCEventCategory.swift */ = {isa = PBXFileReference; fileEncoding = 4; lastKnownFileType = sourcecode.swift; path = JCEventCategory.swift; sourceTree = "<group>"; };
		0B43DB121C44EBFF008630DB /* JCImageViewExtension.swift */ = {isa = PBXFileReference; fileEncoding = 4; lastKnownFileType = sourcecode.swift; path = JCImageViewExtension.swift; sourceTree = "<group>"; };
		0B43DB141C44EEF1008630DB /* JCUIButtonExtension.swift */ = {isa = PBXFileReference; fileEncoding = 4; lastKnownFileType = sourcecode.swift; path = JCUIButtonExtension.swift; sourceTree = "<group>"; };
		0B63F59D1C3A54F000938C71 /* JCEventThemeSelectView.swift */ = {isa = PBXFileReference; fileEncoding = 4; lastKnownFileType = sourcecode.swift; path = JCEventThemeSelectView.swift; sourceTree = "<group>"; };
		0B899AF21C3AC53300C9CE75 /* JCListItem.swift */ = {isa = PBXFileReference; fileEncoding = 4; lastKnownFileType = sourcecode.swift; path = JCListItem.swift; sourceTree = "<group>"; };
		0B8BE2641C2EB01A00E59F1C /* JCEventEditView.swift */ = {isa = PBXFileReference; fileEncoding = 4; lastKnownFileType = sourcecode.swift; path = JCEventEditView.swift; sourceTree = "<group>"; };
		0B8BE2661C2EBC8400E59F1C /* JCEventEditTableViewCell.swift */ = {isa = PBXFileReference; fileEncoding = 4; lastKnownFileType = sourcecode.swift; path = JCEventEditTableViewCell.swift; sourceTree = "<group>"; };
		0B8BE2681C2EC16D00E59F1C /* JCColorExtension.swift */ = {isa = PBXFileReference; fileEncoding = 4; lastKnownFileType = sourcecode.swift; path = JCColorExtension.swift; sourceTree = "<group>"; };
		0B8BE26A1C2EC1BE00E59F1C /* JCUIViewExtension.swift */ = {isa = PBXFileReference; fileEncoding = 4; lastKnownFileType = sourcecode.swift; path = JCUIViewExtension.swift; sourceTree = "<group>"; };
		0B9067CF1C2D2D270047FE4E /* JCUtility.swift */ = {isa = PBXFileReference; fileEncoding = 4; lastKnownFileType = sourcecode.swift; path = JCUtility.swift; sourceTree = "<group>"; };
		0B9067D21C2D31890047FE4E /* JCCALayerExtentsion.swift */ = {isa = PBXFileReference; fileEncoding = 4; lastKnownFileType = sourcecode.swift; path = JCCALayerExtentsion.swift; sourceTree = "<group>"; };
		0B9067D41C2D386C0047FE4E /* JCConstant.swift */ = {isa = PBXFileReference; fileEncoding = 4; lastKnownFileType = sourcecode.swift; path = JCConstant.swift; sourceTree = "<group>"; };
		0B9067D61C2D44CC0047FE4E /* JCEventContentView.swift */ = {isa = PBXFileReference; fileEncoding = 4; lastKnownFileType = sourcecode.swift; path = JCEventContentView.swift; sourceTree = "<group>"; };
		0B9067D81C2D4EDA0047FE4E /* JCEventDetailModel.swift */ = {isa = PBXFileReference; fileEncoding = 4; lastKnownFileType = sourcecode.swift; path = JCEventDetailModel.swift; sourceTree = "<group>"; };
		0B9166781C3AC359005ADAD0 /* JCListVCL.swift */ = {isa = PBXFileReference; fileEncoding = 4; lastKnownFileType = sourcecode.swift; path = JCListVCL.swift; sourceTree = "<group>"; };
		0B91667B1C3AC396005ADAD0 /* JCListDataSource.swift */ = {isa = PBXFileReference; fileEncoding = 4; lastKnownFileType = sourcecode.swift; path = JCListDataSource.swift; sourceTree = "<group>"; };
		0B91667D1C3AC3DB005ADAD0 /* JCListModel.swift */ = {isa = PBXFileReference; fileEncoding = 4; lastKnownFileType = sourcecode.swift; path = JCListModel.swift; sourceTree = "<group>"; };
		0B91667F1C3AC471005ADAD0 /* JCListTableViewCell.swift */ = {isa = PBXFileReference; fileEncoding = 4; lastKnownFileType = sourcecode.swift; path = JCListTableViewCell.swift; sourceTree = "<group>"; };
		0B98B3281C3F69A600B12DA6 /* LaunchVCL.swift */ = {isa = PBXFileReference; fileEncoding = 4; lastKnownFileType = sourcecode.swift; path = LaunchVCL.swift; sourceTree = "<group>"; };
		0B98B32B1C3F857500B12DA6 /* JCListToDetailTransion.swift */ = {isa = PBXFileReference; fileEncoding = 4; lastKnownFileType = sourcecode.swift; path = JCListToDetailTransion.swift; sourceTree = "<group>"; };
		0B9D31C11C2FF3D200859525 /* JCEvent.swift */ = {isa = PBXFileReference; fileEncoding = 4; lastKnownFileType = sourcecode.swift; path = JCEvent.swift; sourceTree = "<group>"; };
		0B9D31C31C30175200859525 /* JCEventManage.swift */ = {isa = PBXFileReference; fileEncoding = 4; lastKnownFileType = sourcecode.swift; path = JCEventManage.swift; sourceTree = "<group>"; };
		0B9D31C51C301E5800859525 /* JCStringExtension.swift */ = {isa = PBXFileReference; fileEncoding = 4; lastKnownFileType = sourcecode.swift; path = JCStringExtension.swift; sourceTree = "<group>"; };
		0BADE59D1C31095900F61EAC /* JCBaseTableViewDataSource.swift */ = {isa = PBXFileReference; fileEncoding = 4; lastKnownFileType = sourcecode.swift; path = JCBaseTableViewDataSource.swift; sourceTree = "<group>"; };
		0BADE59F1C310EC600F61EAC /* JCEventEditViewItem.swift */ = {isa = PBXFileReference; fileEncoding = 4; lastKnownFileType = sourcecode.swift; path = JCEventEditViewItem.swift; sourceTree = "<group>"; };
		0BADE5A11C311CC000F61EAC /* JCBaseTableViewVCL.swift */ = {isa = PBXFileReference; fileEncoding = 4; lastKnownFileType = sourcecode.swift; path = JCBaseTableViewVCL.swift; sourceTree = "<group>"; };
		0BADE5A31C31231C00F61EAC /* JCBaseTableViewCell.swift */ = {isa = PBXFileReference; fileEncoding = 4; lastKnownFileType = sourcecode.swift; path = JCBaseTableViewCell.swift; sourceTree = "<group>"; };
		0BADE5A61C31272700F61EAC /* JCEventEditViewDataSource.swift */ = {isa = PBXFileReference; fileEncoding = 4; lastKnownFileType = sourcecode.swift; path = JCEventEditViewDataSource.swift; sourceTree = "<group>"; };
		0BBA7F981C3D5B6C003FAEF7 /* JCDetailToListTransion.swift */ = {isa = PBXFileReference; fileEncoding = 4; lastKnownFileType = sourcecode.swift; path = JCDetailToListTransion.swift; sourceTree = "<group>"; };
		0BBB36C01C2CE667008795A6 /* Memorable.app */ = {isa = PBXFileReference; explicitFileType = wrapper.application; includeInIndex = 0; path = Memorable.app; sourceTree = BUILT_PRODUCTS_DIR; };
		0BBB36C31C2CE667008795A6 /* AppDelegate.swift */ = {isa = PBXFileReference; lastKnownFileType = sourcecode.swift; path = AppDelegate.swift; sourceTree = "<group>"; };
		0BBB36C81C2CE667008795A6 /* Base */ = {isa = PBXFileReference; lastKnownFileType = file.storyboard; name = Base; path = Base.lproj/Main.storyboard; sourceTree = "<group>"; };
		0BBB36CB1C2CE668008795A6 /* Memorable.xcdatamodel */ = {isa = PBXFileReference; lastKnownFileType = wrapper.xcdatamodel; path = Memorable.xcdatamodel; sourceTree = "<group>"; };
		0BBB36CD1C2CE668008795A6 /* Assets.xcassets */ = {isa = PBXFileReference; lastKnownFileType = folder.assetcatalog; name = Assets.xcassets; path = Memorable/Assets.xcassets; sourceTree = "<group>"; };
		0BBB36D01C2CE668008795A6 /* Base */ = {isa = PBXFileReference; lastKnownFileType = file.storyboard; name = Base; path = Base.lproj/LaunchScreen.storyboard; sourceTree = "<group>"; };
		0BBB36D21C2CE668008795A6 /* Info.plist */ = {isa = PBXFileReference; lastKnownFileType = text.plist.xml; name = Info.plist; path = Memorable/Info.plist; sourceTree = "<group>"; };
		0BBB36E31C2D1698008795A6 /* JCBaseVCL.swift */ = {isa = PBXFileReference; fileEncoding = 4; lastKnownFileType = sourcecode.swift; path = JCBaseVCL.swift; sourceTree = "<group>"; };
		0BBB36E51C2D16A9008795A6 /* JCBaseModel.swift */ = {isa = PBXFileReference; fileEncoding = 4; lastKnownFileType = sourcecode.swift; path = JCBaseModel.swift; sourceTree = "<group>"; };
		0BBB36ED1C2D1788008795A6 /* JCEventDetailVCL.swift */ = {isa = PBXFileReference; fileEncoding = 4; lastKnownFileType = sourcecode.swift; path = JCEventDetailVCL.swift; sourceTree = "<group>"; };
		0BD892D11C36C58100EF3D1B /* JCShareVCL.swift */ = {isa = PBXFileReference; fileEncoding = 4; lastKnownFileType = sourcecode.swift; path = JCShareVCL.swift; sourceTree = "<group>"; };
		0BD892D31C36C59F00EF3D1B /* JCShareModel.swift */ = {isa = PBXFileReference; fileEncoding = 4; lastKnownFileType = sourcecode.swift; path = JCShareModel.swift; sourceTree = "<group>"; };
		0BE6ACA21C4613D600C32C8E /* add_btn.png */ = {isa = PBXFileReference; lastKnownFileType = image.png; path = add_btn.png; sourceTree = "<group>"; };
		0BE6ACA31C4613D600C32C8E /* add_btn@2x.png */ = {isa = PBXFileReference; lastKnownFileType = image.png; path = "add_btn@2x.png"; sourceTree = "<group>"; };
		0BE6ACA41C4613D600C32C8E /* add_btn@3x.png */ = {isa = PBXFileReference; lastKnownFileType = image.png; path = "add_btn@3x.png"; sourceTree = "<group>"; };
		0BE6ACA51C4613D600C32C8E /* arrow_down.png */ = {isa = PBXFileReference; lastKnownFileType = image.png; path = arrow_down.png; sourceTree = "<group>"; };
		0BE6ACA61C4613D600C32C8E /* arrow_down@2x.png */ = {isa = PBXFileReference; lastKnownFileType = image.png; path = "arrow_down@2x.png"; sourceTree = "<group>"; };
		0BE6ACA71C4613D600C32C8E /* arrow_down@3x.png */ = {isa = PBXFileReference; lastKnownFileType = image.png; path = "arrow_down@3x.png"; sourceTree = "<group>"; };
		0BE6ACA81C4613D600C32C8E /* back_arrow.png */ = {isa = PBXFileReference; lastKnownFileType = image.png; path = back_arrow.png; sourceTree = "<group>"; };
		0BE6ACA91C4613D600C32C8E /* back_arrow@2x.png */ = {isa = PBXFileReference; lastKnownFileType = image.png; path = "back_arrow@2x.png"; sourceTree = "<group>"; };
		0BE6ACAA1C4613D600C32C8E /* back_arrow@3x.png */ = {isa = PBXFileReference; lastKnownFileType = image.png; path = "back_arrow@3x.png"; sourceTree = "<group>"; };
		0BE6ACAB1C4613D600C32C8E /* background1.png */ = {isa = PBXFileReference; lastKnownFileType = image.png; path = background1.png; sourceTree = "<group>"; };
		0BE6ACAC1C4613D600C32C8E /* background2.png */ = {isa = PBXFileReference; lastKnownFileType = image.png; path = background2.png; sourceTree = "<group>"; };
		0BE6ACAD1C4613D600C32C8E /* background3.png */ = {isa = PBXFileReference; lastKnownFileType = image.png; path = background3.png; sourceTree = "<group>"; };
		0BE6ACAE1C4613D600C32C8E /* background4.png */ = {isa = PBXFileReference; lastKnownFileType = image.png; path = background4.png; sourceTree = "<group>"; };
		0BE6ACAF1C4613D600C32C8E /* background5.png */ = {isa = PBXFileReference; lastKnownFileType = image.png; path = background5.png; sourceTree = "<group>"; };
		0BE6ACB01C4613D600C32C8E /* cell_bg_1.png */ = {isa = PBXFileReference; lastKnownFileType = image.png; path = cell_bg_1.png; sourceTree = "<group>"; };
		0BE6ACB11C4613D600C32C8E /* cell_bg_2.png */ = {isa = PBXFileReference; lastKnownFileType = image.png; path = cell_bg_2.png; sourceTree = "<group>"; };
		0BE6ACB21C4613D600C32C8E /* cell_bg_3.png */ = {isa = PBXFileReference; lastKnownFileType = image.png; path = cell_bg_3.png; sourceTree = "<group>"; };
		0BE6ACB31C4613D600C32C8E /* cell_bg_4.png */ = {isa = PBXFileReference; lastKnownFileType = image.png; path = cell_bg_4.png; sourceTree = "<group>"; };
		0BE6ACB41C4613D600C32C8E /* cell_bg_5.png */ = {isa = PBXFileReference; lastKnownFileType = image.png; path = cell_bg_5.png; sourceTree = "<group>"; };
		0BE6ACB51C4613D600C32C8E /* edit_arrow.png */ = {isa = PBXFileReference; lastKnownFileType = image.png; path = edit_arrow.png; sourceTree = "<group>"; };
		0BE6ACB61C4613D700C32C8E /* edit_arrow@2x.png */ = {isa = PBXFileReference; lastKnownFileType = image.png; path = "edit_arrow@2x.png"; sourceTree = "<group>"; };
		0BE6ACB71C4613D700C32C8E /* edit_arrow@3x.png */ = {isa = PBXFileReference; lastKnownFileType = image.png; path = "edit_arrow@3x.png"; sourceTree = "<group>"; };
		0BE6ACB81C4613D700C32C8E /* edit_btn.png */ = {isa = PBXFileReference; lastKnownFileType = image.png; path = edit_btn.png; sourceTree = "<group>"; };
		0BE6ACB91C4613D700C32C8E /* edit_btn@2x.png */ = {isa = PBXFileReference; lastKnownFileType = image.png; path = "edit_btn@2x.png"; sourceTree = "<group>"; };
		0BE6ACBA1C4613D700C32C8E /* edit_btn@3x.png */ = {isa = PBXFileReference; lastKnownFileType = image.png; path = "edit_btn@3x.png"; sourceTree = "<group>"; };
		0BE6ACBB1C4613D700C32C8E /* menu_btn.png */ = {isa = PBXFileReference; lastKnownFileType = image.png; path = menu_btn.png; sourceTree = "<group>"; };
		0BE6ACBC1C4613D700C32C8E /* menu_btn@2x.png */ = {isa = PBXFileReference; lastKnownFileType = image.png; path = "menu_btn@2x.png"; sourceTree = "<group>"; };
		0BE6ACBD1C4613D700C32C8E /* menu_btn@3x.png */ = {isa = PBXFileReference; lastKnownFileType = image.png; path = "menu_btn@3x.png"; sourceTree = "<group>"; };
		0BE6ACBE1C4613D700C32C8E /* selected_btn_white.png */ = {isa = PBXFileReference; lastKnownFileType = image.png; path = selected_btn_white.png; sourceTree = "<group>"; };
		0BE6ACBF1C4613D700C32C8E /* selected_btn_white@2x.png */ = {isa = PBXFileReference; lastKnownFileType = image.png; path = "selected_btn_white@2x.png"; sourceTree = "<group>"; };
		0BE6ACC01C4613D700C32C8E /* selected_btn_white@3x.png */ = {isa = PBXFileReference; lastKnownFileType = image.png; path = "selected_btn_white@3x.png"; sourceTree = "<group>"; };
		0BE6ACC11C4613D700C32C8E /* setting_btn.png */ = {isa = PBXFileReference; lastKnownFileType = image.png; path = setting_btn.png; sourceTree = "<group>"; };
		0BE6ACC21C4613D700C32C8E /* setting_btn@2x.png */ = {isa = PBXFileReference; lastKnownFileType = image.png; path = "setting_btn@2x.png"; sourceTree = "<group>"; };
		0BE6ACC31C4613D700C32C8E /* setting_btn@3x.png */ = {isa = PBXFileReference; lastKnownFileType = image.png; path = "setting_btn@3x.png"; sourceTree = "<group>"; };
		0BE6ACC41C4613D700C32C8E /* settingBg.png */ = {isa = PBXFileReference; lastKnownFileType = image.png; path = settingBg.png; sourceTree = "<group>"; };
		0BE6ACC51C4613D700C32C8E /* share_btn.png */ = {isa = PBXFileReference; lastKnownFileType = image.png; path = share_btn.png; sourceTree = "<group>"; };
		0BE6ACC61C4613D700C32C8E /* share_btn@2x.png */ = {isa = PBXFileReference; lastKnownFileType = image.png; path = "share_btn@2x.png"; sourceTree = "<group>"; };
		0BE6ACC71C4613D700C32C8E /* share_btn@3x.png */ = {isa = PBXFileReference; lastKnownFileType = image.png; path = "share_btn@3x.png"; sourceTree = "<group>"; };
		0BE6ACC81C4613D700C32C8E /* share_close.png */ = {isa = PBXFileReference; lastKnownFileType = image.png; path = share_close.png; sourceTree = "<group>"; };
		0BE6ACC91C4613D700C32C8E /* share_close@2x.png */ = {isa = PBXFileReference; lastKnownFileType = image.png; path = "share_close@2x.png"; sourceTree = "<group>"; };
		0BE6ACCA1C4613D700C32C8E /* share_close@3x.png */ = {isa = PBXFileReference; lastKnownFileType = image.png; path = "share_close@3x.png"; sourceTree = "<group>"; };
		0BE6ACCB1C4613D700C32C8E /* share_qq_friends_btn.png */ = {isa = PBXFileReference; lastKnownFileType = image.png; path = share_qq_friends_btn.png; sourceTree = "<group>"; };
		0BE6ACCC1C4613D700C32C8E /* share_qq_friends_btn@2x.png */ = {isa = PBXFileReference; lastKnownFileType = image.png; path = "share_qq_friends_btn@2x.png"; sourceTree = "<group>"; };
		0BE6ACCD1C4613D700C32C8E /* share_qq_friends_btn@3x.png */ = {isa = PBXFileReference; lastKnownFileType = image.png; path = "share_qq_friends_btn@3x.png"; sourceTree = "<group>"; };
		0BE6ACCE1C4613D700C32C8E /* share_qq_zone_btn.png */ = {isa = PBXFileReference; lastKnownFileType = image.png; path = share_qq_zone_btn.png; sourceTree = "<group>"; };
		0BE6ACCF1C4613D700C32C8E /* share_qq_zone_btn@2x.png */ = {isa = PBXFileReference; lastKnownFileType = image.png; path = "share_qq_zone_btn@2x.png"; sourceTree = "<group>"; };
		0BE6ACD01C4613D700C32C8E /* share_qq_zone_btn@3x.png */ = {isa = PBXFileReference; lastKnownFileType = image.png; path = "share_qq_zone_btn@3x.png"; sourceTree = "<group>"; };
		0BE6ACD11C4613D700C32C8E /* share_sina_btn.png */ = {isa = PBXFileReference; lastKnownFileType = image.png; path = share_sina_btn.png; sourceTree = "<group>"; };
		0BE6ACD21C4613D700C32C8E /* share_sina_btn@2x.png */ = {isa = PBXFileReference; lastKnownFileType = image.png; path = "share_sina_btn@2x.png"; sourceTree = "<group>"; };
		0BE6ACD31C4613D700C32C8E /* share_sina_btn@3x.png */ = {isa = PBXFileReference; lastKnownFileType = image.png; path = "share_sina_btn@3x.png"; sourceTree = "<group>"; };
		0BE6ACD41C4613D700C32C8E /* share_weixin.png */ = {isa = PBXFileReference; lastKnownFileType = image.png; path = share_weixin.png; sourceTree = "<group>"; };
		0BE6ACD51C4613D700C32C8E /* share_weixin@2x.png */ = {isa = PBXFileReference; lastKnownFileType = image.png; path = "share_weixin@2x.png"; sourceTree = "<group>"; };
		0BE6ACD61C4613D700C32C8E /* share_weixin@3x.png */ = {isa = PBXFileReference; lastKnownFileType = image.png; path = "share_weixin@3x.png"; sourceTree = "<group>"; };
		0BE6ACD71C4613D700C32C8E /* share_weixin_friends.png */ = {isa = PBXFileReference; lastKnownFileType = image.png; path = share_weixin_friends.png; sourceTree = "<group>"; };
		0BE6ACD81C4613D700C32C8E /* share_weixin_friends@2x.png */ = {isa = PBXFileReference; lastKnownFileType = image.png; path = "share_weixin_friends@2x.png"; sourceTree = "<group>"; };
		0BE6ACD91C4613D700C32C8E /* share_weixin_friends@3x.png */ = {isa = PBXFileReference; lastKnownFileType = image.png; path = "share_weixin_friends@3x.png"; sourceTree = "<group>"; };
		0BE6ACDA1C4613D700C32C8E /* theme1_btn.png */ = {isa = PBXFileReference; lastKnownFileType = image.png; path = theme1_btn.png; sourceTree = "<group>"; };
		0BE6ACDB1C4613D700C32C8E /* theme1_btn@2x.png */ = {isa = PBXFileReference; lastKnownFileType = image.png; path = "theme1_btn@2x.png"; sourceTree = "<group>"; };
		0BE6ACDC1C4613D700C32C8E /* theme1_btn@3x.png */ = {isa = PBXFileReference; lastKnownFileType = image.png; path = "theme1_btn@3x.png"; sourceTree = "<group>"; };
		0BE6ACDD1C4613D700C32C8E /* theme2_btn.png */ = {isa = PBXFileReference; lastKnownFileType = image.png; path = theme2_btn.png; sourceTree = "<group>"; };
		0BE6ACDE1C4613D700C32C8E /* theme2_btn@2x.png */ = {isa = PBXFileReference; lastKnownFileType = image.png; path = "theme2_btn@2x.png"; sourceTree = "<group>"; };
		0BE6ACDF1C4613D700C32C8E /* theme2_btn@3x.png */ = {isa = PBXFileReference; lastKnownFileType = image.png; path = "theme2_btn@3x.png"; sourceTree = "<group>"; };
		0BE6ACE01C4613D700C32C8E /* theme3_btn.png */ = {isa = PBXFileReference; lastKnownFileType = image.png; path = theme3_btn.png; sourceTree = "<group>"; };
		0BE6ACE11C4613D700C32C8E /* theme3_btn@2x.png */ = {isa = PBXFileReference; lastKnownFileType = image.png; path = "theme3_btn@2x.png"; sourceTree = "<group>"; };
		0BE6ACE21C4613D700C32C8E /* theme3_btn@3x.png */ = {isa = PBXFileReference; lastKnownFileType = image.png; path = "theme3_btn@3x.png"; sourceTree = "<group>"; };
		0BE6ACE31C4613D700C32C8E /* theme4_btn.png */ = {isa = PBXFileReference; lastKnownFileType = image.png; path = theme4_btn.png; sourceTree = "<group>"; };
		0BE6ACE41C4613D700C32C8E /* theme4_btn@2x.png */ = {isa = PBXFileReference; lastKnownFileType = image.png; path = "theme4_btn@2x.png"; sourceTree = "<group>"; };
		0BE6ACE51C4613D700C32C8E /* theme4_btn@3x.png */ = {isa = PBXFileReference; lastKnownFileType = image.png; path = "theme4_btn@3x.png"; sourceTree = "<group>"; };
		0BE6ACE61C4613D700C32C8E /* theme5_btn.png */ = {isa = PBXFileReference; lastKnownFileType = image.png; path = theme5_btn.png; sourceTree = "<group>"; };
		0BE6ACE71C4613D700C32C8E /* theme5_btn@2x.png */ = {isa = PBXFileReference; lastKnownFileType = image.png; path = "theme5_btn@2x.png"; sourceTree = "<group>"; };
		0BE6ACE81C4613D700C32C8E /* theme5_btn@3x.png */ = {isa = PBXFileReference; lastKnownFileType = image.png; path = "theme5_btn@3x.png"; sourceTree = "<group>"; };
		0BE6ACE91C4613D700C32C8E /* theme_add_btn.png */ = {isa = PBXFileReference; lastKnownFileType = image.png; path = theme_add_btn.png; sourceTree = "<group>"; };
		0BE6ACEA1C4613D700C32C8E /* theme_add_btn@2x.png */ = {isa = PBXFileReference; lastKnownFileType = image.png; path = "theme_add_btn@2x.png"; sourceTree = "<group>"; };
		0BE6ACEB1C4613D700C32C8E /* theme_add_btn@3x.png */ = {isa = PBXFileReference; lastKnownFileType = image.png; path = "theme_add_btn@3x.png"; sourceTree = "<group>"; };
		0BE6ACEC1C4613D700C32C8E /* theme_btn_1.png */ = {isa = PBXFileReference; lastKnownFileType = image.png; path = theme_btn_1.png; sourceTree = "<group>"; };
		0BE6ACED1C4613D700C32C8E /* theme_btn_1@2x.png */ = {isa = PBXFileReference; lastKnownFileType = image.png; path = "theme_btn_1@2x.png"; sourceTree = "<group>"; };
		0BE6ACEE1C4613D700C32C8E /* theme_btn_1@3x.png */ = {isa = PBXFileReference; lastKnownFileType = image.png; path = "theme_btn_1@3x.png"; sourceTree = "<group>"; };
		0BE6ACEF1C4613D700C32C8E /* theme_btn_2.png */ = {isa = PBXFileReference; lastKnownFileType = image.png; path = theme_btn_2.png; sourceTree = "<group>"; };
		0BE6ACF01C4613D700C32C8E /* theme_btn_2@2x.png */ = {isa = PBXFileReference; lastKnownFileType = image.png; path = "theme_btn_2@2x.png"; sourceTree = "<group>"; };
		0BE6ACF11C4613D700C32C8E /* theme_btn_2@3x.png */ = {isa = PBXFileReference; lastKnownFileType = image.png; path = "theme_btn_2@3x.png"; sourceTree = "<group>"; };
		0BE6ACF21C4613D700C32C8E /* theme_btn_3.png */ = {isa = PBXFileReference; lastKnownFileType = image.png; path = theme_btn_3.png; sourceTree = "<group>"; };
		0BE6ACF31C4613D700C32C8E /* theme_btn_3@2x.png */ = {isa = PBXFileReference; lastKnownFileType = image.png; path = "theme_btn_3@2x.png"; sourceTree = "<group>"; };
		0BE6ACF41C4613D700C32C8E /* theme_btn_3@3x.png */ = {isa = PBXFileReference; lastKnownFileType = image.png; path = "theme_btn_3@3x.png"; sourceTree = "<group>"; };
		0BE6ACF51C4613D700C32C8E /* theme_btn_4.png */ = {isa = PBXFileReference; lastKnownFileType = image.png; path = theme_btn_4.png; sourceTree = "<group>"; };
		0BE6ACF61C4613D700C32C8E /* theme_btn_4@2x.png */ = {isa = PBXFileReference; lastKnownFileType = image.png; path = "theme_btn_4@2x.png"; sourceTree = "<group>"; };
		0BE6ACF71C4613D700C32C8E /* theme_btn_4@3x.png */ = {isa = PBXFileReference; lastKnownFileType = image.png; path = "theme_btn_4@3x.png"; sourceTree = "<group>"; };
		0BE6ACF81C4613D700C32C8E /* theme_btn_5.png */ = {isa = PBXFileReference; lastKnownFileType = image.png; path = theme_btn_5.png; sourceTree = "<group>"; };
		0BE6ACF91C4613D700C32C8E /* theme_btn_5@2x.png */ = {isa = PBXFileReference; lastKnownFileType = image.png; path = "theme_btn_5@2x.png"; sourceTree = "<group>"; };
		0BE6ACFA1C4613D700C32C8E /* theme_btn_5@3x.png */ = {isa = PBXFileReference; lastKnownFileType = image.png; path = "theme_btn_5@3x.png"; sourceTree = "<group>"; };
		0BE7F1781C2FC6960060B3C1 /* JCBaseButton.swift */ = {isa = PBXFileReference; fileEncoding = 4; lastKnownFileType = sourcecode.swift; path = JCBaseButton.swift; sourceTree = "<group>"; };
		5821D56AB1879AEB5BC44BE3 /* Pods-Memorable.debug.xcconfig */ = {isa = PBXFileReference; includeInIndex = 1; lastKnownFileType = text.xcconfig; name = "Pods-Memorable.debug.xcconfig"; path = "Pods/Target Support Files/Pods-Memorable/Pods-Memorable.debug.xcconfig"; sourceTree = "<group>"; };
		A12473F0AA30B59C2A1BA112 /* Pods_Memorable.framework */ = {isa = PBXFileReference; explicitFileType = wrapper.framework; includeInIndex = 0; path = Pods_Memorable.framework; sourceTree = BUILT_PRODUCTS_DIR; };
		DA350435C4584019A31FB9C8 /* Pods-Memorable.release.xcconfig */ = {isa = PBXFileReference; includeInIndex = 1; lastKnownFileType = text.xcconfig; name = "Pods-Memorable.release.xcconfig"; path = "Pods/Target Support Files/Pods-Memorable/Pods-Memorable.release.xcconfig"; sourceTree = "<group>"; };
/* End PBXFileReference section */

/* Begin PBXFrameworksBuildPhase section */
		0BBB36BD1C2CE667008795A6 /* Frameworks */ = {
			isa = PBXFrameworksBuildPhase;
			buildActionMask = 2147483647;
			files = (
				7B45C0656F19ACE7465657B1 /* Pods_Memorable.framework in Frameworks */,
			);
			runOnlyForDeploymentPostprocessing = 0;
		};
/* End PBXFrameworksBuildPhase section */

/* Begin PBXGroup section */
		0B0291FC1C33787A00C664E9 /* Item */ = {
			isa = PBXGroup;
			children = (
				0B0291FD1C33789000C664E9 /* JCEventCategoryItem.swift */,
			);
			path = Item;
			sourceTree = "<group>";
		};
		0B329BA21C329481003D7B5B /* Category */ = {
			isa = PBXGroup;
			children = (
				0B329BA51C32967E003D7B5B /* Controller */,
				0B329BA71C32967E003D7B5B /* Model */,
				0B329BA81C32967E003D7B5B /* View */,
			);
			path = Category;
			sourceTree = "<group>";
		};
		0B329BA51C32967E003D7B5B /* Controller */ = {
			isa = PBXGroup;
			children = (
				0B329BA61C32967E003D7B5B /* JCEventCategoryVCL.swift */,
			);
			path = Controller;
			sourceTree = "<group>";
		};
		0B329BA71C32967E003D7B5B /* Model */ = {
			isa = PBXGroup;
			children = (
				0B0291FC1C33787A00C664E9 /* Item */,
				0B329BAC1C3296C4003D7B5B /* DataSource */,
				0B329BAA1C329695003D7B5B /* JCEventCategoryModel.swift */,
			);
			path = Model;
			sourceTree = "<group>";
		};
		0B329BA81C32967E003D7B5B /* View */ = {
			isa = PBXGroup;
			children = (
				0B0291FF1C3378B600C664E9 /* JCEventCategoryCell.swift */,
			);
			path = View;
			sourceTree = "<group>";
		};
		0B329BAC1C3296C4003D7B5B /* DataSource */ = {
			isa = PBXGroup;
			children = (
				0B329BAD1C3296EB003D7B5B /* JCEventCategoryDataSource.swift */,
			);
			path = DataSource;
			sourceTree = "<group>";
		};
		0B899AF11C3AC51B00C9CE75 /* Item */ = {
			isa = PBXGroup;
			children = (
				0B899AF21C3AC53300C9CE75 /* JCListItem.swift */,
			);
			path = Item;
			sourceTree = "<group>";
		};
		0B9067D11C2D2E180047FE4E /* Extension */ = {
			isa = PBXGroup;
			children = (
				0B9067D21C2D31890047FE4E /* JCCALayerExtentsion.swift */,
				0B8BE2681C2EC16D00E59F1C /* JCColorExtension.swift */,
				0B8BE26A1C2EC1BE00E59F1C /* JCUIViewExtension.swift */,
				0B9D31C51C301E5800859525 /* JCStringExtension.swift */,
				0B43DB121C44EBFF008630DB /* JCImageViewExtension.swift */,
				0B43DB141C44EEF1008630DB /* JCUIButtonExtension.swift */,
			);
			path = Extension;
			sourceTree = "<group>";
		};
		0B9067DA1C2D4F420047FE4E /* DataBase */ = {
			isa = PBXGroup;
			children = (
				0B9D31C11C2FF3D200859525 /* JCEvent.swift */,
				0B9D31C31C30175200859525 /* JCEventManage.swift */,
				0B329BAF1C32984E003D7B5B /* JCEventCategory.swift */,
			);
			path = DataBase;
			sourceTree = "<group>";
		};
		0B9166741C3AC2F2005ADAD0 /* List */ = {
			isa = PBXGroup;
			children = (
				0B98B32A1C3F855800B12DA6 /* Transition */,
				0B9166751C3AC2F2005ADAD0 /* Controller */,
				0B9166761C3AC2F2005ADAD0 /* Model */,
				0B9166771C3AC2F2005ADAD0 /* View */,
			);
			path = List;
			sourceTree = "<group>";
		};
		0B9166751C3AC2F2005ADAD0 /* Controller */ = {
			isa = PBXGroup;
			children = (
				0B9166781C3AC359005ADAD0 /* JCListVCL.swift */,
			);
			path = Controller;
			sourceTree = "<group>";
		};
		0B9166761C3AC2F2005ADAD0 /* Model */ = {
			isa = PBXGroup;
			children = (
				0B899AF11C3AC51B00C9CE75 /* Item */,
				0B91667A1C3AC376005ADAD0 /* DataSource */,
				0B91667D1C3AC3DB005ADAD0 /* JCListModel.swift */,
			);
			path = Model;
			sourceTree = "<group>";
		};
		0B9166771C3AC2F2005ADAD0 /* View */ = {
			isa = PBXGroup;
			children = (
				0B91667F1C3AC471005ADAD0 /* JCListTableViewCell.swift */,
			);
			path = View;
			sourceTree = "<group>";
		};
		0B91667A1C3AC376005ADAD0 /* DataSource */ = {
			isa = PBXGroup;
			children = (
				0B91667B1C3AC396005ADAD0 /* JCListDataSource.swift */,
			);
			path = DataSource;
			sourceTree = "<group>";
		};
		0B98B32A1C3F855800B12DA6 /* Transition */ = {
			isa = PBXGroup;
			children = (
				0B98B32B1C3F857500B12DA6 /* JCListToDetailTransion.swift */,
			);
			path = Transition;
			sourceTree = "<group>";
		};
		0BADE59C1C31091800F61EAC /* DataSource */ = {
			isa = PBXGroup;
			children = (
				0BADE59D1C31095900F61EAC /* JCBaseTableViewDataSource.swift */,
			);
			path = DataSource;
			sourceTree = "<group>";
		};
		0BADE5A51C3126FB00F61EAC /* DataSource */ = {
			isa = PBXGroup;
			children = (
				0BADE5A61C31272700F61EAC /* JCEventEditViewDataSource.swift */,
			);
			path = DataSource;
			sourceTree = "<group>";
		};
		0BBA7F971C3D5B2D003FAEF7 /* Transition */ = {
			isa = PBXGroup;
			children = (
				0BBA7F981C3D5B6C003FAEF7 /* JCDetailToListTransion.swift */,
			);
			path = Transition;
			sourceTree = "<group>";
		};
		0BBB36B71C2CE667008795A6 = {
			isa = PBXGroup;
			children = (
				0BBB36C21C2CE667008795A6 /* Memorable */,
				0BBB36C11C2CE667008795A6 /* Products */,
				0BBB36D81C2CF61A008795A6 /* info */,
				61D495DDE68C05B9D80B06F4 /* Pods */,
				976FA0D9D3CF8AE437E08B47 /* Frameworks */,
			);
			sourceTree = "<group>";
		};
		0BBB36C11C2CE667008795A6 /* Products */ = {
			isa = PBXGroup;
			children = (
				0BBB36C01C2CE667008795A6 /* Memorable.app */,
			);
			name = Products;
			sourceTree = "<group>";
		};
		0BBB36C21C2CE667008795A6 /* Memorable */ = {
			isa = PBXGroup;
			children = (
				0BE6ACA11C4613D600C32C8E /* Image */,
				0BBB36D91C2CF6CB008795A6 /* Source */,
				0BBB36C71C2CE667008795A6 /* Main.storyboard */,
				0BBB36C31C2CE667008795A6 /* AppDelegate.swift */,
			);
			path = Memorable;
			sourceTree = "<group>";
		};
		0BBB36D81C2CF61A008795A6 /* info */ = {
			isa = PBXGroup;
			children = (
				0BBB36CF1C2CE668008795A6 /* LaunchScreen.storyboard */,
				0BBB36CD1C2CE668008795A6 /* Assets.xcassets */,
				0BBB36CA1C2CE668008795A6 /* Memorable.xcdatamodeld */,
				0BBB36D21C2CE668008795A6 /* Info.plist */,
				0B98B3281C3F69A600B12DA6 /* LaunchVCL.swift */,
			);
			name = info;
			sourceTree = "<group>";
		};
		0BBB36D91C2CF6CB008795A6 /* Source */ = {
			isa = PBXGroup;
			children = (
				0B9067DA1C2D4F420047FE4E /* DataBase */,
				0B9067D11C2D2E180047FE4E /* Extension */,
				0BBB36E91C2D1788008795A6 /* Constant */,
				0BBB36EA1C2D1788008795A6 /* UI */,
				0BBB36DE1C2D0FC2008795A6 /* Base */,
				0BBB36DF1C2D0FC2008795A6 /* Utility */,
			);
			path = Source;
			sourceTree = "<group>";
		};
		0BBB36DE1C2D0FC2008795A6 /* Base */ = {
			isa = PBXGroup;
			children = (
				0BBB36E01C2D1681008795A6 /* Controller */,
				0BBB36E11C2D1681008795A6 /* Model */,
				0BBB36E21C2D1681008795A6 /* View */,
			);
			path = Base;
			sourceTree = "<group>";
		};
		0BBB36DF1C2D0FC2008795A6 /* Utility */ = {
			isa = PBXGroup;
			children = (
				0B9067CF1C2D2D270047FE4E /* JCUtility.swift */,
			);
			path = Utility;
			sourceTree = "<group>";
		};
		0BBB36E01C2D1681008795A6 /* Controller */ = {
			isa = PBXGroup;
			children = (
				0BBB36E31C2D1698008795A6 /* JCBaseVCL.swift */,
				0BADE5A11C311CC000F61EAC /* JCBaseTableViewVCL.swift */,
			);
			path = Controller;
			sourceTree = "<group>";
		};
		0BBB36E11C2D1681008795A6 /* Model */ = {
			isa = PBXGroup;
			children = (
				0BADE59C1C31091800F61EAC /* DataSource */,
				0BBB36E51C2D16A9008795A6 /* JCBaseModel.swift */,
			);
			path = Model;
			sourceTree = "<group>";
		};
		0BBB36E21C2D1681008795A6 /* View */ = {
			isa = PBXGroup;
			children = (
				0BE7F1781C2FC6960060B3C1 /* JCBaseButton.swift */,
				0BADE5A31C31231C00F61EAC /* JCBaseTableViewCell.swift */,
			);
			path = View;
			sourceTree = "<group>";
		};
		0BBB36E91C2D1788008795A6 /* Constant */ = {
			isa = PBXGroup;
			children = (
				0B9067D41C2D386C0047FE4E /* JCConstant.swift */,
			);
			path = Constant;
			sourceTree = "<group>";
		};
		0BBB36EA1C2D1788008795A6 /* UI */ = {
			isa = PBXGroup;
			children = (
				0B9166741C3AC2F2005ADAD0 /* List */,
				0BD892CD1C36C55300EF3D1B /* Share */,
				0B329BA21C329481003D7B5B /* Category */,
				0BBB36EB1C2D1788008795A6 /* Detail */,
			);
			path = UI;
			sourceTree = "<group>";
		};
		0BBB36EB1C2D1788008795A6 /* Detail */ = {
			isa = PBXGroup;
			children = (
				0BBA7F971C3D5B2D003FAEF7 /* Transition */,
				0BBB36EC1C2D1788008795A6 /* Controller */,
				0BBB36EE1C2D1788008795A6 /* Model */,
				0BBB36EF1C2D1788008795A6 /* View */,
			);
			path = Detail;
			sourceTree = "<group>";
		};
		0BBB36EC1C2D1788008795A6 /* Controller */ = {
			isa = PBXGroup;
			children = (
				0BBB36ED1C2D1788008795A6 /* JCEventDetailVCL.swift */,
			);
			path = Controller;
			sourceTree = "<group>";
		};
		0BBB36EE1C2D1788008795A6 /* Model */ = {
			isa = PBXGroup;
			children = (
				0BADE5A51C3126FB00F61EAC /* DataSource */,
				0B9067D81C2D4EDA0047FE4E /* JCEventDetailModel.swift */,
				0BADE59F1C310EC600F61EAC /* JCEventEditViewItem.swift */,
			);
			path = Model;
			sourceTree = "<group>";
		};
		0BBB36EF1C2D1788008795A6 /* View */ = {
			isa = PBXGroup;
			children = (
				0B9067D61C2D44CC0047FE4E /* JCEventContentView.swift */,
				0B8BE2641C2EB01A00E59F1C /* JCEventEditView.swift */,
				0B8BE2661C2EBC8400E59F1C /* JCEventEditTableViewCell.swift */,
				0B63F59D1C3A54F000938C71 /* JCEventThemeSelectView.swift */,
			);
			path = View;
			sourceTree = "<group>";
		};
		0BD892CD1C36C55300EF3D1B /* Share */ = {
			isa = PBXGroup;
			children = (
				0BD892CE1C36C55300EF3D1B /* Controller */,
				0BD892CF1C36C55300EF3D1B /* model */,
				0BD892D01C36C55300EF3D1B /* VIew */,
			);
			path = Share;
			sourceTree = "<group>";
		};
		0BD892CE1C36C55300EF3D1B /* Controller */ = {
			isa = PBXGroup;
			children = (
				0BD892D11C36C58100EF3D1B /* JCShareVCL.swift */,
			);
			path = Controller;
			sourceTree = "<group>";
		};
		0BD892CF1C36C55300EF3D1B /* model */ = {
			isa = PBXGroup;
			children = (
				0BD892D31C36C59F00EF3D1B /* JCShareModel.swift */,
			);
			path = model;
			sourceTree = "<group>";
		};
		0BD892D01C36C55300EF3D1B /* VIew */ = {
			isa = PBXGroup;
			children = (
			);
			path = VIew;
			sourceTree = "<group>";
		};
		0BE6ACA11C4613D600C32C8E /* Image */ = {
			isa = PBXGroup;
			children = (
				0BE6ACA21C4613D600C32C8E /* add_btn.png */,
				0BE6ACA31C4613D600C32C8E /* add_btn@2x.png */,
				0BE6ACA41C4613D600C32C8E /* add_btn@3x.png */,
				0BE6ACA51C4613D600C32C8E /* arrow_down.png */,
				0BE6ACA61C4613D600C32C8E /* arrow_down@2x.png */,
				0BE6ACA71C4613D600C32C8E /* arrow_down@3x.png */,
				0BE6ACA81C4613D600C32C8E /* back_arrow.png */,
				0BE6ACA91C4613D600C32C8E /* back_arrow@2x.png */,
				0BE6ACAA1C4613D600C32C8E /* back_arrow@3x.png */,
				0BE6ACAB1C4613D600C32C8E /* background1.png */,
				0BE6ACAC1C4613D600C32C8E /* background2.png */,
				0BE6ACAD1C4613D600C32C8E /* background3.png */,
				0BE6ACAE1C4613D600C32C8E /* background4.png */,
				0BE6ACAF1C4613D600C32C8E /* background5.png */,
				0BE6ACB01C4613D600C32C8E /* cell_bg_1.png */,
				0BE6ACB11C4613D600C32C8E /* cell_bg_2.png */,
				0BE6ACB21C4613D600C32C8E /* cell_bg_3.png */,
				0BE6ACB31C4613D600C32C8E /* cell_bg_4.png */,
				0BE6ACB41C4613D600C32C8E /* cell_bg_5.png */,
				0BE6ACB51C4613D600C32C8E /* edit_arrow.png */,
				0BE6ACB61C4613D700C32C8E /* edit_arrow@2x.png */,
				0BE6ACB71C4613D700C32C8E /* edit_arrow@3x.png */,
				0BE6ACB81C4613D700C32C8E /* edit_btn.png */,
				0BE6ACB91C4613D700C32C8E /* edit_btn@2x.png */,
				0BE6ACBA1C4613D700C32C8E /* edit_btn@3x.png */,
				0BE6ACBB1C4613D700C32C8E /* menu_btn.png */,
				0BE6ACBC1C4613D700C32C8E /* menu_btn@2x.png */,
				0BE6ACBD1C4613D700C32C8E /* menu_btn@3x.png */,
				0BE6ACBE1C4613D700C32C8E /* selected_btn_white.png */,
				0BE6ACBF1C4613D700C32C8E /* selected_btn_white@2x.png */,
				0BE6ACC01C4613D700C32C8E /* selected_btn_white@3x.png */,
				0BE6ACC11C4613D700C32C8E /* setting_btn.png */,
				0BE6ACC21C4613D700C32C8E /* setting_btn@2x.png */,
				0BE6ACC31C4613D700C32C8E /* setting_btn@3x.png */,
				0BE6ACC41C4613D700C32C8E /* settingBg.png */,
				0BE6ACC51C4613D700C32C8E /* share_btn.png */,
				0BE6ACC61C4613D700C32C8E /* share_btn@2x.png */,
				0BE6ACC71C4613D700C32C8E /* share_btn@3x.png */,
				0BE6ACC81C4613D700C32C8E /* share_close.png */,
				0BE6ACC91C4613D700C32C8E /* share_close@2x.png */,
				0BE6ACCA1C4613D700C32C8E /* share_close@3x.png */,
				0BE6ACCB1C4613D700C32C8E /* share_qq_friends_btn.png */,
				0BE6ACCC1C4613D700C32C8E /* share_qq_friends_btn@2x.png */,
				0BE6ACCD1C4613D700C32C8E /* share_qq_friends_btn@3x.png */,
				0BE6ACCE1C4613D700C32C8E /* share_qq_zone_btn.png */,
				0BE6ACCF1C4613D700C32C8E /* share_qq_zone_btn@2x.png */,
				0BE6ACD01C4613D700C32C8E /* share_qq_zone_btn@3x.png */,
				0BE6ACD11C4613D700C32C8E /* share_sina_btn.png */,
				0BE6ACD21C4613D700C32C8E /* share_sina_btn@2x.png */,
				0BE6ACD31C4613D700C32C8E /* share_sina_btn@3x.png */,
				0BE6ACD41C4613D700C32C8E /* share_weixin.png */,
				0BE6ACD51C4613D700C32C8E /* share_weixin@2x.png */,
				0BE6ACD61C4613D700C32C8E /* share_weixin@3x.png */,
				0BE6ACD71C4613D700C32C8E /* share_weixin_friends.png */,
				0BE6ACD81C4613D700C32C8E /* share_weixin_friends@2x.png */,
				0BE6ACD91C4613D700C32C8E /* share_weixin_friends@3x.png */,
				0BE6ACDA1C4613D700C32C8E /* theme1_btn.png */,
				0BE6ACDB1C4613D700C32C8E /* theme1_btn@2x.png */,
				0BE6ACDC1C4613D700C32C8E /* theme1_btn@3x.png */,
				0BE6ACDD1C4613D700C32C8E /* theme2_btn.png */,
				0BE6ACDE1C4613D700C32C8E /* theme2_btn@2x.png */,
				0BE6ACDF1C4613D700C32C8E /* theme2_btn@3x.png */,
				0BE6ACE01C4613D700C32C8E /* theme3_btn.png */,
				0BE6ACE11C4613D700C32C8E /* theme3_btn@2x.png */,
				0BE6ACE21C4613D700C32C8E /* theme3_btn@3x.png */,
				0BE6ACE31C4613D700C32C8E /* theme4_btn.png */,
				0BE6ACE41C4613D700C32C8E /* theme4_btn@2x.png */,
				0BE6ACE51C4613D700C32C8E /* theme4_btn@3x.png */,
				0BE6ACE61C4613D700C32C8E /* theme5_btn.png */,
				0BE6ACE71C4613D700C32C8E /* theme5_btn@2x.png */,
				0BE6ACE81C4613D700C32C8E /* theme5_btn@3x.png */,
				0BE6ACE91C4613D700C32C8E /* theme_add_btn.png */,
				0BE6ACEA1C4613D700C32C8E /* theme_add_btn@2x.png */,
				0BE6ACEB1C4613D700C32C8E /* theme_add_btn@3x.png */,
				0BE6ACEC1C4613D700C32C8E /* theme_btn_1.png */,
				0BE6ACED1C4613D700C32C8E /* theme_btn_1@2x.png */,
				0BE6ACEE1C4613D700C32C8E /* theme_btn_1@3x.png */,
				0BE6ACEF1C4613D700C32C8E /* theme_btn_2.png */,
				0BE6ACF01C4613D700C32C8E /* theme_btn_2@2x.png */,
				0BE6ACF11C4613D700C32C8E /* theme_btn_2@3x.png */,
				0BE6ACF21C4613D700C32C8E /* theme_btn_3.png */,
				0BE6ACF31C4613D700C32C8E /* theme_btn_3@2x.png */,
				0BE6ACF41C4613D700C32C8E /* theme_btn_3@3x.png */,
				0BE6ACF51C4613D700C32C8E /* theme_btn_4.png */,
				0BE6ACF61C4613D700C32C8E /* theme_btn_4@2x.png */,
				0BE6ACF71C4613D700C32C8E /* theme_btn_4@3x.png */,
				0BE6ACF81C4613D700C32C8E /* theme_btn_5.png */,
				0BE6ACF91C4613D700C32C8E /* theme_btn_5@2x.png */,
				0BE6ACFA1C4613D700C32C8E /* theme_btn_5@3x.png */,
			);
			path = Image;
			sourceTree = "<group>";
		};
		61D495DDE68C05B9D80B06F4 /* Pods */ = {
			isa = PBXGroup;
			children = (
				5821D56AB1879AEB5BC44BE3 /* Pods-Memorable.debug.xcconfig */,
				DA350435C4584019A31FB9C8 /* Pods-Memorable.release.xcconfig */,
			);
			name = Pods;
			sourceTree = "<group>";
		};
		976FA0D9D3CF8AE437E08B47 /* Frameworks */ = {
			isa = PBXGroup;
			children = (
				A12473F0AA30B59C2A1BA112 /* Pods_Memorable.framework */,
			);
			name = Frameworks;
			sourceTree = "<group>";
		};
/* End PBXGroup section */

/* Begin PBXNativeTarget section */
		0BBB36BF1C2CE667008795A6 /* Memorable */ = {
			isa = PBXNativeTarget;
			buildConfigurationList = 0BBB36D51C2CE668008795A6 /* Build configuration list for PBXNativeTarget "Memorable" */;
			buildPhases = (
				C1B8ED7C3C9860655A789278 /* Check Pods Manifest.lock */,
				0BBB36BC1C2CE667008795A6 /* Sources */,
				0BBB36BD1C2CE667008795A6 /* Frameworks */,
				0BBB36BE1C2CE667008795A6 /* Resources */,
				4BD045FEEC93A076E57A1ADA /* Embed Pods Frameworks */,
				FBE2D5C1E714EA939F100C26 /* Copy Pods Resources */,
			);
			buildRules = (
			);
			dependencies = (
			);
			name = Memorable;
			productName = Memorable;
			productReference = 0BBB36C01C2CE667008795A6 /* Memorable.app */;
			productType = "com.apple.product-type.application";
		};
/* End PBXNativeTarget section */

/* Begin PBXProject section */
		0BBB36B81C2CE667008795A6 /* Project object */ = {
			isa = PBXProject;
			attributes = {
				LastSwiftUpdateCheck = 0720;
				LastUpgradeCheck = 0720;
				ORGANIZATIONNAME = zhengjiacheng;
				TargetAttributes = {
					0BBB36BF1C2CE667008795A6 = {
						CreatedOnToolsVersion = 7.2;
					};
				};
			};
			buildConfigurationList = 0BBB36BB1C2CE667008795A6 /* Build configuration list for PBXProject "Memorable" */;
			compatibilityVersion = "Xcode 3.2";
			developmentRegion = English;
			hasScannedForEncodings = 0;
			knownRegions = (
				en,
				Base,
			);
			mainGroup = 0BBB36B71C2CE667008795A6;
			productRefGroup = 0BBB36C11C2CE667008795A6 /* Products */;
			projectDirPath = "";
			projectRoot = "";
			targets = (
				0BBB36BF1C2CE667008795A6 /* Memorable */,
			);
		};
/* End PBXProject section */

/* Begin PBXResourcesBuildPhase section */
		0BBB36BE1C2CE667008795A6 /* Resources */ = {
			isa = PBXResourcesBuildPhase;
			buildActionMask = 2147483647;
			files = (
				0BE6AD291C4613D700C32C8E /* share_qq_zone_btn@3x.png in Resources */,
				0BE6AD341C4613D700C32C8E /* theme1_btn@2x.png in Resources */,
				0BE6AD1A1C4613D700C32C8E /* setting_btn.png in Resources */,
				0BE6AD251C4613D700C32C8E /* share_qq_friends_btn@2x.png in Resources */,
				0BE6AD0D1C4613D700C32C8E /* cell_bg_5.png in Resources */,
				0BE6ACFF1C4613D700C32C8E /* arrow_down@2x.png in Resources */,
				0BE6AD2E1C4613D700C32C8E /* share_weixin@2x.png in Resources */,
				0BE6AD061C4613D700C32C8E /* background3.png in Resources */,
				0BE6AD181C4613D700C32C8E /* selected_btn_white@2x.png in Resources */,
				0BE6ACFD1C4613D700C32C8E /* add_btn@3x.png in Resources */,
				0BE6AD401C4613D700C32C8E /* theme5_btn@2x.png in Resources */,
				0BE6AD211C4613D700C32C8E /* share_close.png in Resources */,
				0BE6AD0E1C4613D700C32C8E /* edit_arrow.png in Resources */,
				0BE6AD1D1C4613D700C32C8E /* settingBg.png in Resources */,
				0BE6AD051C4613D700C32C8E /* background2.png in Resources */,
				0BE6AD1B1C4613D700C32C8E /* setting_btn@2x.png in Resources */,
				0BE6AD0F1C4613D700C32C8E /* edit_arrow@2x.png in Resources */,
				0BE6AD221C4613D700C32C8E /* share_close@2x.png in Resources */,
				0BE6AD2D1C4613D700C32C8E /* share_weixin.png in Resources */,
				0BE6AD4E1C4613D700C32C8E /* theme_btn_4.png in Resources */,
				0BE6AD031C4613D700C32C8E /* back_arrow@3x.png in Resources */,
				0BE6AD081C4613D700C32C8E /* background5.png in Resources */,
				0BE6AD521C4613D700C32C8E /* theme_btn_5@2x.png in Resources */,
				0BE6AD161C4613D700C32C8E /* menu_btn@3x.png in Resources */,
				0BE6AD4B1C4613D700C32C8E /* theme_btn_3.png in Resources */,
				0BE6AD011C4613D700C32C8E /* back_arrow.png in Resources */,
				0BE6AD531C4613D700C32C8E /* theme_btn_5@3x.png in Resources */,
				0BE6AD371C4613D700C32C8E /* theme2_btn@2x.png in Resources */,
				0BE6AD071C4613D700C32C8E /* background4.png in Resources */,
				0BBB36D11C2CE668008795A6 /* LaunchScreen.storyboard in Resources */,
				0BE6AD241C4613D700C32C8E /* share_qq_friends_btn.png in Resources */,
				0BE6AD2A1C4613D700C32C8E /* share_sina_btn.png in Resources */,
				0BE6AD461C4613D700C32C8E /* theme_btn_1@2x.png in Resources */,
				0BE6AD421C4613D700C32C8E /* theme_add_btn.png in Resources */,
				0BE6AD491C4613D700C32C8E /* theme_btn_2@2x.png in Resources */,
				0BE6AD111C4613D700C32C8E /* edit_btn.png in Resources */,
				0BE6AD1C1C4613D700C32C8E /* setting_btn@3x.png in Resources */,
				0BE6AD4D1C4613D700C32C8E /* theme_btn_3@3x.png in Resources */,
				0BE6ACFE1C4613D700C32C8E /* arrow_down.png in Resources */,
				0BE6AD311C4613D700C32C8E /* share_weixin_friends@2x.png in Resources */,
				0BE6AD0B1C4613D700C32C8E /* cell_bg_3.png in Resources */,
				0BE6AD4A1C4613D700C32C8E /* theme_btn_2@3x.png in Resources */,
				0BE6AD4F1C4613D700C32C8E /* theme_btn_4@2x.png in Resources */,
				0BE6AD2C1C4613D700C32C8E /* share_sina_btn@3x.png in Resources */,
				0BE6AD351C4613D700C32C8E /* theme1_btn@3x.png in Resources */,
				0BE6AD021C4613D700C32C8E /* back_arrow@2x.png in Resources */,
				0BE6AD331C4613D700C32C8E /* theme1_btn.png in Resources */,
				0BE6AD001C4613D700C32C8E /* arrow_down@3x.png in Resources */,
				0BE6AD3C1C4613D700C32C8E /* theme4_btn.png in Resources */,
				0BE6AD3E1C4613D700C32C8E /* theme4_btn@3x.png in Resources */,
				0BE6AD261C4613D700C32C8E /* share_qq_friends_btn@3x.png in Resources */,
				0BE6AD1E1C4613D700C32C8E /* share_btn.png in Resources */,
				0BE6AD431C4613D700C32C8E /* theme_add_btn@2x.png in Resources */,
				0BE6AD121C4613D700C32C8E /* edit_btn@2x.png in Resources */,
				0BE6AD391C4613D700C32C8E /* theme3_btn.png in Resources */,
				0BE6AD101C4613D700C32C8E /* edit_arrow@3x.png in Resources */,
				0BE6AD281C4613D700C32C8E /* share_qq_zone_btn@2x.png in Resources */,
				0BE6AD441C4613D700C32C8E /* theme_add_btn@3x.png in Resources */,
				0BE6AD411C4613D700C32C8E /* theme5_btn@3x.png in Resources */,
				0BE6AD2B1C4613D700C32C8E /* share_sina_btn@2x.png in Resources */,
				0BBB36CE1C2CE668008795A6 /* Assets.xcassets in Resources */,
				0BE6AD2F1C4613D700C32C8E /* share_weixin@3x.png in Resources */,
				0BE6AD171C4613D700C32C8E /* selected_btn_white.png in Resources */,
				0BE6ACFC1C4613D700C32C8E /* add_btn@2x.png in Resources */,
				0BE6AD0A1C4613D700C32C8E /* cell_bg_2.png in Resources */,
				0BE6AD131C4613D700C32C8E /* edit_btn@3x.png in Resources */,
				0BE6AD0C1C4613D700C32C8E /* cell_bg_4.png in Resources */,
				0BE6AD381C4613D700C32C8E /* theme2_btn@3x.png in Resources */,
				0BE6AD3B1C4613D700C32C8E /* theme3_btn@3x.png in Resources */,
				0BE6AD3D1C4613D700C32C8E /* theme4_btn@2x.png in Resources */,
				0BE6AD151C4613D700C32C8E /* menu_btn@2x.png in Resources */,
				0BE6AD141C4613D700C32C8E /* menu_btn.png in Resources */,
				0BE6AD231C4613D700C32C8E /* share_close@3x.png in Resources */,
				0BE6AD191C4613D700C32C8E /* selected_btn_white@3x.png in Resources */,
				0BE6AD3F1C4613D700C32C8E /* theme5_btn.png in Resources */,
				0BE6AD321C4613D700C32C8E /* share_weixin_friends@3x.png in Resources */,
				0BE6AD201C4613D700C32C8E /* share_btn@3x.png in Resources */,
				0BE6AD271C4613D700C32C8E /* share_qq_zone_btn.png in Resources */,
				0BE6AD471C4613D700C32C8E /* theme_btn_1@3x.png in Resources */,
				0BE6AD361C4613D700C32C8E /* theme2_btn.png in Resources */,
				0BE6AD1F1C4613D700C32C8E /* share_btn@2x.png in Resources */,
				0BE6ACFB1C4613D700C32C8E /* add_btn.png in Resources */,
				0BE6AD041C4613D700C32C8E /* background1.png in Resources */,
				0BE6AD091C4613D700C32C8E /* cell_bg_1.png in Resources */,
				0BE6AD301C4613D700C32C8E /* share_weixin_friends.png in Resources */,
				0BE6AD3A1C4613D700C32C8E /* theme3_btn@2x.png in Resources */,
				0BE6AD501C4613D700C32C8E /* theme_btn_4@3x.png in Resources */,
				0BE6AD451C4613D700C32C8E /* theme_btn_1.png in Resources */,
				0BE6AD4C1C4613D700C32C8E /* theme_btn_3@2x.png in Resources */,
				0BE6AD481C4613D700C32C8E /* theme_btn_2.png in Resources */,
				0BE6AD511C4613D700C32C8E /* theme_btn_5.png in Resources */,
				0BBB36C91C2CE667008795A6 /* Main.storyboard in Resources */,
			);
			runOnlyForDeploymentPostprocessing = 0;
		};
/* End PBXResourcesBuildPhase section */

/* Begin PBXShellScriptBuildPhase section */
		4BD045FEEC93A076E57A1ADA /* Embed Pods Frameworks */ = {
			isa = PBXShellScriptBuildPhase;
			buildActionMask = 2147483647;
			files = (
			);
			inputPaths = (
			);
			name = "Embed Pods Frameworks";
			outputPaths = (
			);
			runOnlyForDeploymentPostprocessing = 0;
			shellPath = /bin/sh;
			shellScript = "\"${SRCROOT}/Pods/Target Support Files/Pods-Memorable/Pods-Memorable-frameworks.sh\"\n";
			showEnvVarsInLog = 0;
		};
		C1B8ED7C3C9860655A789278 /* Check Pods Manifest.lock */ = {
			isa = PBXShellScriptBuildPhase;
			buildActionMask = 2147483647;
			files = (
			);
			inputPaths = (
			);
			name = "Check Pods Manifest.lock";
			outputPaths = (
			);
			runOnlyForDeploymentPostprocessing = 0;
			shellPath = /bin/sh;
			shellScript = "diff \"${PODS_ROOT}/../Podfile.lock\" \"${PODS_ROOT}/Manifest.lock\" > /dev/null\nif [[ $? != 0 ]] ; then\n    cat << EOM\nerror: The sandbox is not in sync with the Podfile.lock. Run 'pod install' or update your CocoaPods installation.\nEOM\n    exit 1\nfi\n";
			showEnvVarsInLog = 0;
		};
		FBE2D5C1E714EA939F100C26 /* Copy Pods Resources */ = {
			isa = PBXShellScriptBuildPhase;
			buildActionMask = 2147483647;
			files = (
			);
			inputPaths = (
			);
			name = "Copy Pods Resources";
			outputPaths = (
			);
			runOnlyForDeploymentPostprocessing = 0;
			shellPath = /bin/sh;
			shellScript = "#\"${SRCROOT}/Pods/Target Support Files/Pods-Memorable/Pods-Memorable-resources.sh\"\n";
			showEnvVarsInLog = 0;
		};
/* End PBXShellScriptBuildPhase section */

/* Begin PBXSourcesBuildPhase section */
		0BBB36BC1C2CE667008795A6 /* Sources */ = {
			isa = PBXSourcesBuildPhase;
			buildActionMask = 2147483647;
			files = (
				0BBB36F21C2D1788008795A6 /* JCEventDetailVCL.swift in Sources */,
				0B9067D31C2D31890047FE4E /* JCCALayerExtentsion.swift in Sources */,
				0B9067D51C2D386C0047FE4E /* JCConstant.swift in Sources */,
				0BADE5A41C31231C00F61EAC /* JCBaseTableViewCell.swift in Sources */,
				0B8BE2671C2EBC8400E59F1C /* JCEventEditTableViewCell.swift in Sources */,
				0B8BE2691C2EC16D00E59F1C /* JCColorExtension.swift in Sources */,
				0BBB36C41C2CE667008795A6 /* AppDelegate.swift in Sources */,
				0B329BB01C32984E003D7B5B /* JCEventCategory.swift in Sources */,
				0B0291FE1C33789000C664E9 /* JCEventCategoryItem.swift in Sources */,
				0BADE5A71C31272700F61EAC /* JCEventEditViewDataSource.swift in Sources */,
				0B0292001C3378B600C664E9 /* JCEventCategoryCell.swift in Sources */,
				0B329BAB1C329695003D7B5B /* JCEventCategoryModel.swift in Sources */,
				0B9D31C41C30175200859525 /* JCEventManage.swift in Sources */,
				0B9067D91C2D4EDA0047FE4E /* JCEventDetailModel.swift in Sources */,
				0BD892D41C36C59F00EF3D1B /* JCShareModel.swift in Sources */,
				0B91667C1C3AC396005ADAD0 /* JCListDataSource.swift in Sources */,
				0B9D31C21C2FF3D200859525 /* JCEvent.swift in Sources */,
				0B8BE26B1C2EC1BE00E59F1C /* JCUIViewExtension.swift in Sources */,
				0BBB36E61C2D16A9008795A6 /* JCBaseModel.swift in Sources */,
				0B329BA91C32967E003D7B5B /* JCEventCategoryVCL.swift in Sources */,
				0B98B32C1C3F857500B12DA6 /* JCListToDetailTransion.swift in Sources */,
				0B899AF31C3AC53300C9CE75 /* JCListItem.swift in Sources */,
				0B98B3291C3F69A600B12DA6 /* LaunchVCL.swift in Sources */,
				0B9D31C61C301E5800859525 /* JCStringExtension.swift in Sources */,
				0B63F59E1C3A54F100938C71 /* JCEventThemeSelectView.swift in Sources */,
				0BADE5A21C311CC000F61EAC /* JCBaseTableViewVCL.swift in Sources */,
				0BADE59E1C31095900F61EAC /* JCBaseTableViewDataSource.swift in Sources */,
				0BE7F1791C2FC6960060B3C1 /* JCBaseButton.swift in Sources */,
				0BBB36E41C2D1698008795A6 /* JCBaseVCL.swift in Sources */,
				0B329BAE1C3296EB003D7B5B /* JCEventCategoryDataSource.swift in Sources */,
				0BBB36CC1C2CE668008795A6 /* Memorable.xcdatamodeld in Sources */,
				0B9166801C3AC471005ADAD0 /* JCListTableViewCell.swift in Sources */,
				0B9166791C3AC359005ADAD0 /* JCListVCL.swift in Sources */,
				0B9067D71C2D44CC0047FE4E /* JCEventContentView.swift in Sources */,
				0BADE5A01C310EC600F61EAC /* JCEventEditViewItem.swift in Sources */,
				0B9067D01C2D2D270047FE4E /* JCUtility.swift in Sources */,
				0B91667E1C3AC3DB005ADAD0 /* JCListModel.swift in Sources */,
				0BD892D21C36C58100EF3D1B /* JCShareVCL.swift in Sources */,
				0B43DB151C44EEF1008630DB /* JCUIButtonExtension.swift in Sources */,
				0B43DB131C44EBFF008630DB /* JCImageViewExtension.swift in Sources */,
				0BBA7F991C3D5B6C003FAEF7 /* JCDetailToListTransion.swift in Sources */,
				0B8BE2651C2EB01A00E59F1C /* JCEventEditView.swift in Sources */,
			);
			runOnlyForDeploymentPostprocessing = 0;
		};
/* End PBXSourcesBuildPhase section */

/* Begin PBXVariantGroup section */
		0BBB36C71C2CE667008795A6 /* Main.storyboard */ = {
			isa = PBXVariantGroup;
			children = (
				0BBB36C81C2CE667008795A6 /* Base */,
				0B329BA01C327A86003D7B5B /* zh-Hans */,
			);
			name = Main.storyboard;
			sourceTree = "<group>";
		};
		0BBB36CF1C2CE668008795A6 /* LaunchScreen.storyboard */ = {
			isa = PBXVariantGroup;
			children = (
				0BBB36D01C2CE668008795A6 /* Base */,
				0B329BA11C327A86003D7B5B /* zh-Hans */,
			);
			name = LaunchScreen.storyboard;
			path = Memorable;
			sourceTree = "<group>";
		};
/* End PBXVariantGroup section */

/* Begin XCBuildConfiguration section */
		0BBB36D31C2CE668008795A6 /* Debug */ = {
			isa = XCBuildConfiguration;
			buildSettings = {
				ALWAYS_SEARCH_USER_PATHS = NO;
				CLANG_CXX_LANGUAGE_STANDARD = "gnu++0x";
				CLANG_CXX_LIBRARY = "libc++";
				CLANG_ENABLE_MODULES = YES;
				CLANG_ENABLE_OBJC_ARC = YES;
				CLANG_WARN_BOOL_CONVERSION = YES;
				CLANG_WARN_CONSTANT_CONVERSION = YES;
				CLANG_WARN_DIRECT_OBJC_ISA_USAGE = YES_ERROR;
				CLANG_WARN_EMPTY_BODY = YES;
				CLANG_WARN_ENUM_CONVERSION = YES;
				CLANG_WARN_INT_CONVERSION = YES;
				CLANG_WARN_OBJC_ROOT_CLASS = YES_ERROR;
				CLANG_WARN_UNREACHABLE_CODE = YES;
				CLANG_WARN__DUPLICATE_METHOD_MATCH = YES;
				"CODE_SIGN_IDENTITY[sdk=iphoneos*]" = "iPhone Developer";
				COPY_PHASE_STRIP = NO;
				DEBUG_INFORMATION_FORMAT = dwarf;
				ENABLE_STRICT_OBJC_MSGSEND = YES;
				ENABLE_TESTABILITY = YES;
				GCC_C_LANGUAGE_STANDARD = gnu99;
				GCC_DYNAMIC_NO_PIC = NO;
				GCC_NO_COMMON_BLOCKS = YES;
				GCC_OPTIMIZATION_LEVEL = 0;
				GCC_PREPROCESSOR_DEFINITIONS = (
					"DEBUG=1",
					"$(inherited)",
				);
				GCC_WARN_64_TO_32_BIT_CONVERSION = YES;
				GCC_WARN_ABOUT_RETURN_TYPE = YES_ERROR;
				GCC_WARN_UNDECLARED_SELECTOR = YES;
				GCC_WARN_UNINITIALIZED_AUTOS = YES_AGGRESSIVE;
				GCC_WARN_UNUSED_FUNCTION = YES;
				GCC_WARN_UNUSED_VARIABLE = YES;
				IPHONEOS_DEPLOYMENT_TARGET = 8.0;
				MTL_ENABLE_DEBUG_INFO = YES;
				ONLY_ACTIVE_ARCH = YES;
				SDKROOT = iphoneos;
				SWIFT_OPTIMIZATION_LEVEL = "-Onone";
			};
			name = Debug;
		};
		0BBB36D41C2CE668008795A6 /* Release */ = {
			isa = XCBuildConfiguration;
			buildSettings = {
				ALWAYS_SEARCH_USER_PATHS = NO;
				CLANG_CXX_LANGUAGE_STANDARD = "gnu++0x";
				CLANG_CXX_LIBRARY = "libc++";
				CLANG_ENABLE_MODULES = YES;
				CLANG_ENABLE_OBJC_ARC = YES;
				CLANG_WARN_BOOL_CONVERSION = YES;
				CLANG_WARN_CONSTANT_CONVERSION = YES;
				CLANG_WARN_DIRECT_OBJC_ISA_USAGE = YES_ERROR;
				CLANG_WARN_EMPTY_BODY = YES;
				CLANG_WARN_ENUM_CONVERSION = YES;
				CLANG_WARN_INT_CONVERSION = YES;
				CLANG_WARN_OBJC_ROOT_CLASS = YES_ERROR;
				CLANG_WARN_UNREACHABLE_CODE = YES;
				CLANG_WARN__DUPLICATE_METHOD_MATCH = YES;
				"CODE_SIGN_IDENTITY[sdk=iphoneos*]" = "iPhone Developer";
				COPY_PHASE_STRIP = NO;
				DEBUG_INFORMATION_FORMAT = "dwarf-with-dsym";
				ENABLE_NS_ASSERTIONS = NO;
				ENABLE_STRICT_OBJC_MSGSEND = YES;
				GCC_C_LANGUAGE_STANDARD = gnu99;
				GCC_NO_COMMON_BLOCKS = YES;
				GCC_WARN_64_TO_32_BIT_CONVERSION = YES;
				GCC_WARN_ABOUT_RETURN_TYPE = YES_ERROR;
				GCC_WARN_UNDECLARED_SELECTOR = YES;
				GCC_WARN_UNINITIALIZED_AUTOS = YES_AGGRESSIVE;
				GCC_WARN_UNUSED_FUNCTION = YES;
				GCC_WARN_UNUSED_VARIABLE = YES;
				IPHONEOS_DEPLOYMENT_TARGET = 8.0;
				MTL_ENABLE_DEBUG_INFO = NO;
				SDKROOT = iphoneos;
				VALIDATE_PRODUCT = YES;
			};
			name = Release;
		};
		0BBB36D61C2CE668008795A6 /* Debug */ = {
			isa = XCBuildConfiguration;
			baseConfigurationReference = 5821D56AB1879AEB5BC44BE3 /* Pods-Memorable.debug.xcconfig */;
			buildSettings = {
				ASSETCATALOG_COMPILER_APPICON_NAME = AppIcon;
				"CODE_SIGN_IDENTITY[sdk=iphoneos*]" = "iPhone Developer: yuan jing (563MAQM6F6)";
				INFOPLIST_FILE = Memorable/Info.plist;
				IPHONEOS_DEPLOYMENT_TARGET = 8.0;
				LD_RUNPATH_SEARCH_PATHS = "$(inherited) @executable_path/Frameworks";
				PRODUCT_BUNDLE_IDENTIFIER = com.tuan800.tao800iphone.tao800;
				PRODUCT_NAME = "$(TARGET_NAME)";
				PROVISIONING_PROFILE = "8d3dad21-0b9e-4971-9c9e-b2af8681e712";
			};
			name = Debug;
		};
		0BBB36D71C2CE668008795A6 /* Release */ = {
			isa = XCBuildConfiguration;
			baseConfigurationReference = DA350435C4584019A31FB9C8 /* Pods-Memorable.release.xcconfig */;
			buildSettings = {
				ASSETCATALOG_COMPILER_APPICON_NAME = AppIcon;
				INFOPLIST_FILE = Memorable/Info.plist;
				IPHONEOS_DEPLOYMENT_TARGET = 8.0;
				LD_RUNPATH_SEARCH_PATHS = "$(inherited) @executable_path/Frameworks";
				PRODUCT_BUNDLE_IDENTIFIER = com.tuan800.tao800iphone.tao800;
				PRODUCT_NAME = "$(TARGET_NAME)";
			};
			name = Release;
		};
/* End XCBuildConfiguration section */

/* Begin XCConfigurationList section */
		0BBB36BB1C2CE667008795A6 /* Build configuration list for PBXProject "Memorable" */ = {
			isa = XCConfigurationList;
			buildConfigurations = (
				0BBB36D31C2CE668008795A6 /* Debug */,
				0BBB36D41C2CE668008795A6 /* Release */,
			);
			defaultConfigurationIsVisible = 0;
			defaultConfigurationName = Release;
		};
		0BBB36D51C2CE668008795A6 /* Build configuration list for PBXNativeTarget "Memorable" */ = {
			isa = XCConfigurationList;
			buildConfigurations = (
				0BBB36D61C2CE668008795A6 /* Debug */,
				0BBB36D71C2CE668008795A6 /* Release */,
			);
			defaultConfigurationIsVisible = 0;
			defaultConfigurationName = Release;
		};
/* End XCConfigurationList section */

/* Begin XCVersionGroup section */
		0BBB36CA1C2CE668008795A6 /* Memorable.xcdatamodeld */ = {
			isa = XCVersionGroup;
			children = (
				0BBB36CB1C2CE668008795A6 /* Memorable.xcdatamodel */,
			);
			currentVersion = 0BBB36CB1C2CE668008795A6 /* Memorable.xcdatamodel */;
			name = Memorable.xcdatamodeld;
			path = Memorable/Memorable.xcdatamodeld;
			sourceTree = "<group>";
			versionGroupType = wrapper.xcdatamodel;
		};
/* End XCVersionGroup section */
	};
	rootObject = 0BBB36B81C2CE667008795A6 /* Project object */;
}
